
Microsoft Visual Studio Solution File, Format Version 12.00
# Visual Studio Version 16
VisualStudioVersion = 16.0.29920.165
MinimumVisualStudioVersion = 10.0.40219.1
Project("{2150E333-8FDC-42A3-9474-1A3956D46DE8}") = "src", "src", "{F806503B-43D4-473F-AAF7-4297E54EBE66}"
EndProject
Project("{2150E333-8FDC-42A3-9474-1A3956D46DE8}") = "common", "common", "{98AD9562-11D8-4547-B71E-56BDAC94A39C}"
EndProject
Project("{9A19103F-16F7-4668-BE54-9A1E7A4F7556}") = "Notions", "src\Common\Notions\Notions.csproj", "{2A1A914D-3AB2-4416-AE8B-57D7D33EE7BC}"
EndProject
Project("{9A19103F-16F7-4668-BE54-9A1E7A4F7556}") = "SIEngine", "src\Common\SIEngine\SIEngine.csproj", "{E2BBE310-C766-4258-A778-1A3D49041F89}"
EndProject
Project("{9A19103F-16F7-4668-BE54-9A1E7A4F7556}") = "SIPackages", "src\Common\SIPackages\SIPackages.csproj", "{F06C510B-F4F7-432A-A780-A8EAB83A1B99}"
EndProject
Project("{9A19103F-16F7-4668-BE54-9A1E7A4F7556}") = "SIPackages.Providers", "src\Common\SIPackages.Providers\SIPackages.Providers.csproj", "{099E79AD-4A07-464E-BC5E-FE2B25B6B398}"
EndProject
Project("{9A19103F-16F7-4668-BE54-9A1E7A4F7556}") = "SIUI.Model", "src\Common\SIUI.Model\SIUI.Model.csproj", "{7A59B7D8-AA61-4DE8-BC29-41C16A22F2E9}"
EndProject
Project("{9A19103F-16F7-4668-BE54-9A1E7A4F7556}") = "SIUI.ViewModel", "src\Common\SIUI.ViewModel\SIUI.ViewModel.csproj", "{F25DB44A-CE4D-4E80-8688-55390FFA4C35}"
EndProject
Project("{D954291E-2A0B-460D-934E-DC6B0785DB48}") = "SIService.Client", "src\Common\SIService.Client\SIService.Client.shproj", "{A4CEB981-DED1-4ADB-9058-3869F6A44C8D}"
EndProject
Project("{D954291E-2A0B-460D-934E-DC6B0785DB48}") = "SIService.ViewModel", "src\Common\SIService.ViewModel\SIService.ViewModel.shproj", "{D8A9ACD8-2C11-4CFB-B4E2-0BFA4F6F9500}"
EndProject
Project("{2150E333-8FDC-42A3-9474-1A3956D46DE8}") = "desktop", "desktop", "{15089A1F-44DF-4B42-83B3-313E024F07BE}"
EndProject
Project("{9A19103F-16F7-4668-BE54-9A1E7A4F7556}") = "SIUI", "src\Common\SIUI\SIUI.csproj", "{78C96549-6EA8-4236-B026-6ECA55D9EC3A}"
EndProject
Project("{2150E333-8FDC-42A3-9474-1A3956D46DE8}") = "sicore", "sicore", "{C4457E87-27E4-45E3-ADF9-01BA5E9D5771}"
EndProject
Project("{9A19103F-16F7-4668-BE54-9A1E7A4F7556}") = "SIData", "src\SICore\SIData\SIData.csproj", "{C1148358-AD4D-4DEC-8D09-E848220BB885}"
EndProject
Project("{9A19103F-16F7-4668-BE54-9A1E7A4F7556}") = "SICore.Connections", "src\SICore\SICore.Connections\SICore.Connections.csproj", "{9708D31A-342B-415B-B2DF-ACB033FBBC01}"
EndProject
Project("{9A19103F-16F7-4668-BE54-9A1E7A4F7556}") = "SICore.Network", "src\SICore\SICore.Network\SICore.Network.csproj", "{E4A6AC42-F724-4C03-9D8F-72A31FCCEF3E}"
EndProject
Project("{9A19103F-16F7-4668-BE54-9A1E7A4F7556}") = "SICore", "src\SICore\SICore\SICore.csproj", "{A44985BD-4EBA-4577-8656-823C971D0B5A}"
EndProject
Project("{2150E333-8FDC-42A3-9474-1A3956D46DE8}") = "test", "test", "{3E07412F-2F9C-458E-B897-E07E86BF682A}"
EndProject
Project("{9A19103F-16F7-4668-BE54-9A1E7A4F7556}") = "Notions.Tests", "test\Common\Notions.Tests\Notions.Tests.csproj", "{8FA5B2EC-A6C7-45AE-8FCE-917AA2311E6E}"
EndProject
Project("{9A19103F-16F7-4668-BE54-9A1E7A4F7556}") = "SICore.Tests", "test\SICore\SICore.Tests\SICore.Tests.csproj", "{7A17CA96-9F06-407B-8640-1EF9B5698055}"
EndProject
Project("{9A19103F-16F7-4668-BE54-9A1E7A4F7556}") = "SI.GameServer.Contract", "src\Common\SI.GameServer.Contract\SI.GameServer.Contract.csproj", "{7C4E3527-C9CF-4F36-A65E-72480B3BF281}"
EndProject
Project("{9A19103F-16F7-4668-BE54-9A1E7A4F7556}") = "SIGame.ViewModel.Web", "src\SIGame\SIGame.ViewModel.Web\SIGame.ViewModel.Web.csproj", "{E8ACF215-C1BB-4A73-AD3C-B4A9F8030A65}"
EndProject
Project("{9A19103F-16F7-4668-BE54-9A1E7A4F7556}") = "SIGame.ViewModel", "src\SIGame\SIGame.ViewModel\SIGame.ViewModel.csproj", "{B992988A-31C6-44FD-8719-47144AE78BB8}"
EndProject
Project("{9A19103F-16F7-4668-BE54-9A1E7A4F7556}") = "SIGame", "src\SIGame\SIGame\SIGame.csproj", "{A0D6E5F2-C486-465F-8B4B-368083E29B68}"
EndProject
Project("{2150E333-8FDC-42A3-9474-1A3956D46DE8}") = "deploy", "deploy", "{194A3EEE-066C-42E7-940A-6FA9EA9A969D}"
EndProject
Project("{930C7802-8A8C-48F9-8165-68863BCCD9DD}") = "SIGame.Setup", "deploy\SIGame.Setup\SIGame.Setup.wixproj", "{AA17F85B-338E-40F1-A199-1D471BE5535C}"
EndProject
Project("{930C7802-8A8C-48F9-8165-68863BCCD9DD}") = "SIGame.Bootstrapper", "deploy\SIGame.Bootstrapper\SIGame.Bootstrapper.wixproj", "{CB6FE944-EBB6-44A9-AFCD-BA2DED1790B2}"
EndProject
Project("{9A19103F-16F7-4668-BE54-9A1E7A4F7556}") = "SIGame.Tests", "test\SIGame\SIGame.Tests\SIGame.Tests.csproj", "{8D528C21-F673-4CE0-A430-3F23F5B6A346}"
EndProject
Global
	GlobalSection(SharedMSBuildProjectFiles) = preSolution
		src\Common\SIService.Client\SIService.Client.projitems*{099e79ad-4a07-464e-bc5e-fe2b25b6b398}*SharedItemsImports = 5
		src\Common\SIService.Client\SIService.Client.projitems*{a4ceb981-ded1-4adb-9058-3869f6a44c8d}*SharedItemsImports = 13
		src\Common\SIService.ViewModel\SIService.ViewModel.projitems*{b992988a-31c6-44fd-8719-47144ae78bb8}*SharedItemsImports = 5
		src\Common\SIService.ViewModel\SIService.ViewModel.projitems*{d8a9acd8-2c11-4cfb-b4e2-0bfa4f6f9500}*SharedItemsImports = 13
	EndGlobalSection
	GlobalSection(SolutionConfigurationPlatforms) = preSolution
		Debug|Any CPU = Debug|Any CPU
		Debug|x86 = Debug|x86
		Release|Any CPU = Release|Any CPU
		Release|x86 = Release|x86
	EndGlobalSection
	GlobalSection(ProjectConfigurationPlatforms) = postSolution
		{2A1A914D-3AB2-4416-AE8B-57D7D33EE7BC}.Debug|Any CPU.ActiveCfg = Debug|Any CPU
		{2A1A914D-3AB2-4416-AE8B-57D7D33EE7BC}.Debug|Any CPU.Build.0 = Debug|Any CPU
		{2A1A914D-3AB2-4416-AE8B-57D7D33EE7BC}.Debug|x86.ActiveCfg = Debug|Any CPU
		{2A1A914D-3AB2-4416-AE8B-57D7D33EE7BC}.Debug|x86.Build.0 = Debug|Any CPU
		{2A1A914D-3AB2-4416-AE8B-57D7D33EE7BC}.Release|Any CPU.ActiveCfg = Release|Any CPU
		{2A1A914D-3AB2-4416-AE8B-57D7D33EE7BC}.Release|Any CPU.Build.0 = Release|Any CPU
		{2A1A914D-3AB2-4416-AE8B-57D7D33EE7BC}.Release|x86.ActiveCfg = Release|Any CPU
		{2A1A914D-3AB2-4416-AE8B-57D7D33EE7BC}.Release|x86.Build.0 = Release|Any CPU
		{E2BBE310-C766-4258-A778-1A3D49041F89}.Debug|Any CPU.ActiveCfg = Debug|Any CPU
		{E2BBE310-C766-4258-A778-1A3D49041F89}.Debug|Any CPU.Build.0 = Debug|Any CPU
		{E2BBE310-C766-4258-A778-1A3D49041F89}.Debug|x86.ActiveCfg = Debug|Any CPU
		{E2BBE310-C766-4258-A778-1A3D49041F89}.Debug|x86.Build.0 = Debug|Any CPU
		{E2BBE310-C766-4258-A778-1A3D49041F89}.Release|Any CPU.ActiveCfg = Release|Any CPU
		{E2BBE310-C766-4258-A778-1A3D49041F89}.Release|Any CPU.Build.0 = Release|Any CPU
		{E2BBE310-C766-4258-A778-1A3D49041F89}.Release|x86.ActiveCfg = Release|Any CPU
		{E2BBE310-C766-4258-A778-1A3D49041F89}.Release|x86.Build.0 = Release|Any CPU
		{F06C510B-F4F7-432A-A780-A8EAB83A1B99}.Debug|Any CPU.ActiveCfg = Debug|Any CPU
		{F06C510B-F4F7-432A-A780-A8EAB83A1B99}.Debug|Any CPU.Build.0 = Debug|Any CPU
		{F06C510B-F4F7-432A-A780-A8EAB83A1B99}.Debug|x86.ActiveCfg = Debug|Any CPU
		{F06C510B-F4F7-432A-A780-A8EAB83A1B99}.Debug|x86.Build.0 = Debug|Any CPU
		{F06C510B-F4F7-432A-A780-A8EAB83A1B99}.Release|Any CPU.ActiveCfg = Release|Any CPU
		{F06C510B-F4F7-432A-A780-A8EAB83A1B99}.Release|Any CPU.Build.0 = Release|Any CPU
		{F06C510B-F4F7-432A-A780-A8EAB83A1B99}.Release|x86.ActiveCfg = Release|Any CPU
		{F06C510B-F4F7-432A-A780-A8EAB83A1B99}.Release|x86.Build.0 = Release|Any CPU
		{099E79AD-4A07-464E-BC5E-FE2B25B6B398}.Debug|Any CPU.ActiveCfg = Debug|Any CPU
		{099E79AD-4A07-464E-BC5E-FE2B25B6B398}.Debug|Any CPU.Build.0 = Debug|Any CPU
		{099E79AD-4A07-464E-BC5E-FE2B25B6B398}.Debug|x86.ActiveCfg = Debug|Any CPU
		{099E79AD-4A07-464E-BC5E-FE2B25B6B398}.Debug|x86.Build.0 = Debug|Any CPU
		{099E79AD-4A07-464E-BC5E-FE2B25B6B398}.Release|Any CPU.ActiveCfg = Release|Any CPU
		{099E79AD-4A07-464E-BC5E-FE2B25B6B398}.Release|Any CPU.Build.0 = Release|Any CPU
		{099E79AD-4A07-464E-BC5E-FE2B25B6B398}.Release|x86.ActiveCfg = Release|Any CPU
		{099E79AD-4A07-464E-BC5E-FE2B25B6B398}.Release|x86.Build.0 = Release|Any CPU
		{7A59B7D8-AA61-4DE8-BC29-41C16A22F2E9}.Debug|Any CPU.ActiveCfg = Debug|Any CPU
		{7A59B7D8-AA61-4DE8-BC29-41C16A22F2E9}.Debug|Any CPU.Build.0 = Debug|Any CPU
		{7A59B7D8-AA61-4DE8-BC29-41C16A22F2E9}.Debug|x86.ActiveCfg = Debug|Any CPU
		{7A59B7D8-AA61-4DE8-BC29-41C16A22F2E9}.Debug|x86.Build.0 = Debug|Any CPU
		{7A59B7D8-AA61-4DE8-BC29-41C16A22F2E9}.Release|Any CPU.ActiveCfg = Release|Any CPU
		{7A59B7D8-AA61-4DE8-BC29-41C16A22F2E9}.Release|Any CPU.Build.0 = Release|Any CPU
		{7A59B7D8-AA61-4DE8-BC29-41C16A22F2E9}.Release|x86.ActiveCfg = Release|Any CPU
		{7A59B7D8-AA61-4DE8-BC29-41C16A22F2E9}.Release|x86.Build.0 = Release|Any CPU
		{F25DB44A-CE4D-4E80-8688-55390FFA4C35}.Debug|Any CPU.ActiveCfg = Debug|Any CPU
		{F25DB44A-CE4D-4E80-8688-55390FFA4C35}.Debug|Any CPU.Build.0 = Debug|Any CPU
		{F25DB44A-CE4D-4E80-8688-55390FFA4C35}.Debug|x86.ActiveCfg = Debug|Any CPU
		{F25DB44A-CE4D-4E80-8688-55390FFA4C35}.Debug|x86.Build.0 = Debug|Any CPU
		{F25DB44A-CE4D-4E80-8688-55390FFA4C35}.Release|Any CPU.ActiveCfg = Release|Any CPU
		{F25DB44A-CE4D-4E80-8688-55390FFA4C35}.Release|Any CPU.Build.0 = Release|Any CPU
		{F25DB44A-CE4D-4E80-8688-55390FFA4C35}.Release|x86.ActiveCfg = Release|Any CPU
		{F25DB44A-CE4D-4E80-8688-55390FFA4C35}.Release|x86.Build.0 = Release|Any CPU
		{78C96549-6EA8-4236-B026-6ECA55D9EC3A}.Debug|Any CPU.ActiveCfg = Debug|Any CPU
		{78C96549-6EA8-4236-B026-6ECA55D9EC3A}.Debug|Any CPU.Build.0 = Debug|Any CPU
		{78C96549-6EA8-4236-B026-6ECA55D9EC3A}.Debug|x86.ActiveCfg = Debug|Any CPU
		{78C96549-6EA8-4236-B026-6ECA55D9EC3A}.Debug|x86.Build.0 = Debug|Any CPU
		{78C96549-6EA8-4236-B026-6ECA55D9EC3A}.Release|Any CPU.ActiveCfg = Release|Any CPU
		{78C96549-6EA8-4236-B026-6ECA55D9EC3A}.Release|Any CPU.Build.0 = Release|Any CPU
		{78C96549-6EA8-4236-B026-6ECA55D9EC3A}.Release|x86.ActiveCfg = Release|Any CPU
		{78C96549-6EA8-4236-B026-6ECA55D9EC3A}.Release|x86.Build.0 = Release|Any CPU
		{C1148358-AD4D-4DEC-8D09-E848220BB885}.Debug|Any CPU.ActiveCfg = Debug|Any CPU
		{C1148358-AD4D-4DEC-8D09-E848220BB885}.Debug|Any CPU.Build.0 = Debug|Any CPU
		{C1148358-AD4D-4DEC-8D09-E848220BB885}.Debug|x86.ActiveCfg = Debug|Any CPU
		{C1148358-AD4D-4DEC-8D09-E848220BB885}.Debug|x86.Build.0 = Debug|Any CPU
		{C1148358-AD4D-4DEC-8D09-E848220BB885}.Release|Any CPU.ActiveCfg = Release|Any CPU
		{C1148358-AD4D-4DEC-8D09-E848220BB885}.Release|Any CPU.Build.0 = Release|Any CPU
		{C1148358-AD4D-4DEC-8D09-E848220BB885}.Release|x86.ActiveCfg = Release|Any CPU
		{C1148358-AD4D-4DEC-8D09-E848220BB885}.Release|x86.Build.0 = Release|Any CPU
		{9708D31A-342B-415B-B2DF-ACB033FBBC01}.Debug|Any CPU.ActiveCfg = Debug|Any CPU
		{9708D31A-342B-415B-B2DF-ACB033FBBC01}.Debug|Any CPU.Build.0 = Debug|Any CPU
		{9708D31A-342B-415B-B2DF-ACB033FBBC01}.Debug|x86.ActiveCfg = Debug|Any CPU
		{9708D31A-342B-415B-B2DF-ACB033FBBC01}.Debug|x86.Build.0 = Debug|Any CPU
		{9708D31A-342B-415B-B2DF-ACB033FBBC01}.Release|Any CPU.ActiveCfg = Release|Any CPU
		{9708D31A-342B-415B-B2DF-ACB033FBBC01}.Release|Any CPU.Build.0 = Release|Any CPU
		{9708D31A-342B-415B-B2DF-ACB033FBBC01}.Release|x86.ActiveCfg = Release|Any CPU
		{9708D31A-342B-415B-B2DF-ACB033FBBC01}.Release|x86.Build.0 = Release|Any CPU
		{E4A6AC42-F724-4C03-9D8F-72A31FCCEF3E}.Debug|Any CPU.ActiveCfg = Debug|Any CPU
		{E4A6AC42-F724-4C03-9D8F-72A31FCCEF3E}.Debug|Any CPU.Build.0 = Debug|Any CPU
		{E4A6AC42-F724-4C03-9D8F-72A31FCCEF3E}.Debug|x86.ActiveCfg = Debug|Any CPU
		{E4A6AC42-F724-4C03-9D8F-72A31FCCEF3E}.Debug|x86.Build.0 = Debug|Any CPU
		{E4A6AC42-F724-4C03-9D8F-72A31FCCEF3E}.Release|Any CPU.ActiveCfg = Release|Any CPU
		{E4A6AC42-F724-4C03-9D8F-72A31FCCEF3E}.Release|Any CPU.Build.0 = Release|Any CPU
		{E4A6AC42-F724-4C03-9D8F-72A31FCCEF3E}.Release|x86.ActiveCfg = Release|Any CPU
		{E4A6AC42-F724-4C03-9D8F-72A31FCCEF3E}.Release|x86.Build.0 = Release|Any CPU
		{A44985BD-4EBA-4577-8656-823C971D0B5A}.Debug|Any CPU.ActiveCfg = Debug|Any CPU
		{A44985BD-4EBA-4577-8656-823C971D0B5A}.Debug|Any CPU.Build.0 = Debug|Any CPU
		{A44985BD-4EBA-4577-8656-823C971D0B5A}.Debug|x86.ActiveCfg = Debug|Any CPU
		{A44985BD-4EBA-4577-8656-823C971D0B5A}.Debug|x86.Build.0 = Debug|Any CPU
		{A44985BD-4EBA-4577-8656-823C971D0B5A}.Release|Any CPU.ActiveCfg = Release|Any CPU
		{A44985BD-4EBA-4577-8656-823C971D0B5A}.Release|Any CPU.Build.0 = Release|Any CPU
		{A44985BD-4EBA-4577-8656-823C971D0B5A}.Release|x86.ActiveCfg = Release|Any CPU
		{A44985BD-4EBA-4577-8656-823C971D0B5A}.Release|x86.Build.0 = Release|Any CPU
		{8FA5B2EC-A6C7-45AE-8FCE-917AA2311E6E}.Debug|Any CPU.ActiveCfg = Debug|Any CPU
		{8FA5B2EC-A6C7-45AE-8FCE-917AA2311E6E}.Debug|Any CPU.Build.0 = Debug|Any CPU
		{8FA5B2EC-A6C7-45AE-8FCE-917AA2311E6E}.Debug|x86.ActiveCfg = Debug|Any CPU
		{8FA5B2EC-A6C7-45AE-8FCE-917AA2311E6E}.Debug|x86.Build.0 = Debug|Any CPU
		{8FA5B2EC-A6C7-45AE-8FCE-917AA2311E6E}.Release|Any CPU.ActiveCfg = Release|Any CPU
		{8FA5B2EC-A6C7-45AE-8FCE-917AA2311E6E}.Release|Any CPU.Build.0 = Release|Any CPU
		{8FA5B2EC-A6C7-45AE-8FCE-917AA2311E6E}.Release|x86.ActiveCfg = Release|Any CPU
		{8FA5B2EC-A6C7-45AE-8FCE-917AA2311E6E}.Release|x86.Build.0 = Release|Any CPU
		{7A17CA96-9F06-407B-8640-1EF9B5698055}.Debug|Any CPU.ActiveCfg = Debug|Any CPU
		{7A17CA96-9F06-407B-8640-1EF9B5698055}.Debug|Any CPU.Build.0 = Debug|Any CPU
		{7A17CA96-9F06-407B-8640-1EF9B5698055}.Debug|x86.ActiveCfg = Debug|Any CPU
		{7A17CA96-9F06-407B-8640-1EF9B5698055}.Debug|x86.Build.0 = Debug|Any CPU
		{7A17CA96-9F06-407B-8640-1EF9B5698055}.Release|Any CPU.ActiveCfg = Release|Any CPU
		{7A17CA96-9F06-407B-8640-1EF9B5698055}.Release|Any CPU.Build.0 = Release|Any CPU
		{7A17CA96-9F06-407B-8640-1EF9B5698055}.Release|x86.ActiveCfg = Release|Any CPU
		{7A17CA96-9F06-407B-8640-1EF9B5698055}.Release|x86.Build.0 = Release|Any CPU
		{7C4E3527-C9CF-4F36-A65E-72480B3BF281}.Debug|Any CPU.ActiveCfg = Debug|Any CPU
		{7C4E3527-C9CF-4F36-A65E-72480B3BF281}.Debug|Any CPU.Build.0 = Debug|Any CPU
		{7C4E3527-C9CF-4F36-A65E-72480B3BF281}.Debug|x86.ActiveCfg = Debug|Any CPU
		{7C4E3527-C9CF-4F36-A65E-72480B3BF281}.Debug|x86.Build.0 = Debug|Any CPU
		{7C4E3527-C9CF-4F36-A65E-72480B3BF281}.Release|Any CPU.ActiveCfg = Release|Any CPU
		{7C4E3527-C9CF-4F36-A65E-72480B3BF281}.Release|Any CPU.Build.0 = Release|Any CPU
		{7C4E3527-C9CF-4F36-A65E-72480B3BF281}.Release|x86.ActiveCfg = Release|Any CPU
		{7C4E3527-C9CF-4F36-A65E-72480B3BF281}.Release|x86.Build.0 = Release|Any CPU
		{E8ACF215-C1BB-4A73-AD3C-B4A9F8030A65}.Debug|Any CPU.ActiveCfg = Debug|Any CPU
		{E8ACF215-C1BB-4A73-AD3C-B4A9F8030A65}.Debug|Any CPU.Build.0 = Debug|Any CPU
		{E8ACF215-C1BB-4A73-AD3C-B4A9F8030A65}.Debug|x86.ActiveCfg = Debug|Any CPU
		{E8ACF215-C1BB-4A73-AD3C-B4A9F8030A65}.Debug|x86.Build.0 = Debug|Any CPU
		{E8ACF215-C1BB-4A73-AD3C-B4A9F8030A65}.Release|Any CPU.ActiveCfg = Release|Any CPU
		{E8ACF215-C1BB-4A73-AD3C-B4A9F8030A65}.Release|Any CPU.Build.0 = Release|Any CPU
		{E8ACF215-C1BB-4A73-AD3C-B4A9F8030A65}.Release|x86.ActiveCfg = Release|Any CPU
		{E8ACF215-C1BB-4A73-AD3C-B4A9F8030A65}.Release|x86.Build.0 = Release|Any CPU
		{B992988A-31C6-44FD-8719-47144AE78BB8}.Debug|Any CPU.ActiveCfg = Debug|Any CPU
		{B992988A-31C6-44FD-8719-47144AE78BB8}.Debug|Any CPU.Build.0 = Debug|Any CPU
		{B992988A-31C6-44FD-8719-47144AE78BB8}.Debug|x86.ActiveCfg = Debug|Any CPU
		{B992988A-31C6-44FD-8719-47144AE78BB8}.Debug|x86.Build.0 = Debug|Any CPU
		{B992988A-31C6-44FD-8719-47144AE78BB8}.Release|Any CPU.ActiveCfg = Release|Any CPU
		{B992988A-31C6-44FD-8719-47144AE78BB8}.Release|Any CPU.Build.0 = Release|Any CPU
		{B992988A-31C6-44FD-8719-47144AE78BB8}.Release|x86.ActiveCfg = Release|Any CPU
		{B992988A-31C6-44FD-8719-47144AE78BB8}.Release|x86.Build.0 = Release|Any CPU
		{A0D6E5F2-C486-465F-8B4B-368083E29B68}.Debug|Any CPU.ActiveCfg = Debug|Any CPU
		{A0D6E5F2-C486-465F-8B4B-368083E29B68}.Debug|Any CPU.Build.0 = Debug|Any CPU
		{A0D6E5F2-C486-465F-8B4B-368083E29B68}.Debug|x86.ActiveCfg = Debug|Any CPU
		{A0D6E5F2-C486-465F-8B4B-368083E29B68}.Debug|x86.Build.0 = Debug|Any CPU
		{A0D6E5F2-C486-465F-8B4B-368083E29B68}.Release|Any CPU.ActiveCfg = Release|Any CPU
		{A0D6E5F2-C486-465F-8B4B-368083E29B68}.Release|Any CPU.Build.0 = Release|Any CPU
		{A0D6E5F2-C486-465F-8B4B-368083E29B68}.Release|x86.ActiveCfg = Release|Any CPU
		{A0D6E5F2-C486-465F-8B4B-368083E29B68}.Release|x86.Build.0 = Release|Any CPU
		{AA17F85B-338E-40F1-A199-1D471BE5535C}.Debug|Any CPU.ActiveCfg = Debug|x86
		{AA17F85B-338E-40F1-A199-1D471BE5535C}.Debug|x86.ActiveCfg = Debug|x86
		{AA17F85B-338E-40F1-A199-1D471BE5535C}.Debug|x86.Build.0 = Debug|x86
		{AA17F85B-338E-40F1-A199-1D471BE5535C}.Release|Any CPU.ActiveCfg = Release|x86
		{AA17F85B-338E-40F1-A199-1D471BE5535C}.Release|x86.ActiveCfg = Release|x86
		{AA17F85B-338E-40F1-A199-1D471BE5535C}.Release|x86.Build.0 = Release|x86
		{CB6FE944-EBB6-44A9-AFCD-BA2DED1790B2}.Debug|Any CPU.ActiveCfg = Debug|x86
		{CB6FE944-EBB6-44A9-AFCD-BA2DED1790B2}.Debug|x86.ActiveCfg = Debug|x86
		{CB6FE944-EBB6-44A9-AFCD-BA2DED1790B2}.Debug|x86.Build.0 = Debug|x86
		{CB6FE944-EBB6-44A9-AFCD-BA2DED1790B2}.Release|Any CPU.ActiveCfg = Release|x86
		{CB6FE944-EBB6-44A9-AFCD-BA2DED1790B2}.Release|x86.ActiveCfg = Release|x86
		{CB6FE944-EBB6-44A9-AFCD-BA2DED1790B2}.Release|x86.Build.0 = Release|x86
		{8D528C21-F673-4CE0-A430-3F23F5B6A346}.Debug|Any CPU.ActiveCfg = Debug|Any CPU
		{8D528C21-F673-4CE0-A430-3F23F5B6A346}.Debug|Any CPU.Build.0 = Debug|Any CPU
		{8D528C21-F673-4CE0-A430-3F23F5B6A346}.Debug|x86.ActiveCfg = Debug|Any CPU
		{8D528C21-F673-4CE0-A430-3F23F5B6A346}.Debug|x86.Build.0 = Debug|Any CPU
		{8D528C21-F673-4CE0-A430-3F23F5B6A346}.Release|Any CPU.ActiveCfg = Release|Any CPU
		{8D528C21-F673-4CE0-A430-3F23F5B6A346}.Release|Any CPU.Build.0 = Release|Any CPU
		{8D528C21-F673-4CE0-A430-3F23F5B6A346}.Release|x86.ActiveCfg = Release|Any CPU
		{8D528C21-F673-4CE0-A430-3F23F5B6A346}.Release|x86.Build.0 = Release|Any CPU
	EndGlobalSection
	GlobalSection(SolutionProperties) = preSolution
		HideSolutionNode = FALSE
	EndGlobalSection
	GlobalSection(NestedProjects) = preSolution
		{98AD9562-11D8-4547-B71E-56BDAC94A39C} = {F806503B-43D4-473F-AAF7-4297E54EBE66}
		{2A1A914D-3AB2-4416-AE8B-57D7D33EE7BC} = {98AD9562-11D8-4547-B71E-56BDAC94A39C}
		{E2BBE310-C766-4258-A778-1A3D49041F89} = {98AD9562-11D8-4547-B71E-56BDAC94A39C}
		{F06C510B-F4F7-432A-A780-A8EAB83A1B99} = {98AD9562-11D8-4547-B71E-56BDAC94A39C}
		{099E79AD-4A07-464E-BC5E-FE2B25B6B398} = {98AD9562-11D8-4547-B71E-56BDAC94A39C}
		{7A59B7D8-AA61-4DE8-BC29-41C16A22F2E9} = {98AD9562-11D8-4547-B71E-56BDAC94A39C}
		{F25DB44A-CE4D-4E80-8688-55390FFA4C35} = {98AD9562-11D8-4547-B71E-56BDAC94A39C}
		{A4CEB981-DED1-4ADB-9058-3869F6A44C8D} = {98AD9562-11D8-4547-B71E-56BDAC94A39C}
		{D8A9ACD8-2C11-4CFB-B4E2-0BFA4F6F9500} = {98AD9562-11D8-4547-B71E-56BDAC94A39C}
		{15089A1F-44DF-4B42-83B3-313E024F07BE} = {F806503B-43D4-473F-AAF7-4297E54EBE66}
		{78C96549-6EA8-4236-B026-6ECA55D9EC3A} = {15089A1F-44DF-4B42-83B3-313E024F07BE}
		{C4457E87-27E4-45E3-ADF9-01BA5E9D5771} = {F806503B-43D4-473F-AAF7-4297E54EBE66}
		{C1148358-AD4D-4DEC-8D09-E848220BB885} = {C4457E87-27E4-45E3-ADF9-01BA5E9D5771}
		{9708D31A-342B-415B-B2DF-ACB033FBBC01} = {C4457E87-27E4-45E3-ADF9-01BA5E9D5771}
		{E4A6AC42-F724-4C03-9D8F-72A31FCCEF3E} = {C4457E87-27E4-45E3-ADF9-01BA5E9D5771}
		{A44985BD-4EBA-4577-8656-823C971D0B5A} = {C4457E87-27E4-45E3-ADF9-01BA5E9D5771}
		{8FA5B2EC-A6C7-45AE-8FCE-917AA2311E6E} = {3E07412F-2F9C-458E-B897-E07E86BF682A}
		{7A17CA96-9F06-407B-8640-1EF9B5698055} = {3E07412F-2F9C-458E-B897-E07E86BF682A}
		{7C4E3527-C9CF-4F36-A65E-72480B3BF281} = {98AD9562-11D8-4547-B71E-56BDAC94A39C}
		{E8ACF215-C1BB-4A73-AD3C-B4A9F8030A65} = {F806503B-43D4-473F-AAF7-4297E54EBE66}
		{B992988A-31C6-44FD-8719-47144AE78BB8} = {F806503B-43D4-473F-AAF7-4297E54EBE66}
		{A0D6E5F2-C486-465F-8B4B-368083E29B68} = {15089A1F-44DF-4B42-83B3-313E024F07BE}
		{AA17F85B-338E-40F1-A199-1D471BE5535C} = {194A3EEE-066C-42E7-940A-6FA9EA9A969D}
		{CB6FE944-EBB6-44A9-AFCD-BA2DED1790B2} = {194A3EEE-066C-42E7-940A-6FA9EA9A969D}
		{8D528C21-F673-4CE0-A430-3F23F5B6A346} = {3E07412F-2F9C-458E-B897-E07E86BF682A}
	EndGlobalSection
	GlobalSection(ExtensibilityGlobals) = postSolution
		SolutionGuid = {BD7AA90B-4EDB-45F7-A42F-7DE847C4386A}
	EndGlobalSection
EndGlobal
