
Microsoft Visual Studio Solution File, Format Version 12.00
# Visual Studio Version 17
VisualStudioVersion = 17.0.32014.148
MinimumVisualStudioVersion = 10.0.40219.1
Project("{2150E333-8FDC-42A3-9474-1A3956D46DE8}") = "Common", "Common", "{069B16F1-8F70-4CFC-8651-E4763D225B60}"
EndProject
Project("{2150E333-8FDC-42A3-9474-1A3956D46DE8}") = "Desktop", "Desktop", "{117739F8-28CD-4CC4-950C-E3513265A87D}"
EndProject
Project("{9A19103F-16F7-4668-BE54-9A1E7A4F7556}") = "SImulator.ViewModel", "src\SImulator\SImulator.ViewModel\SImulator.ViewModel.csproj", "{206D6F95-54D5-4029-8B7F-9A7841E2CE02}"
EndProject
Project("{9A19103F-16F7-4668-BE54-9A1E7A4F7556}") = "SIPackages", "src\Common\SIPackages\SIPackages.csproj", "{90C6B7EB-DF4B-487A-A760-0D45AA4CACAF}"
EndProject
Project("{9A19103F-16F7-4668-BE54-9A1E7A4F7556}") = "SIEngine", "src\Common\SIEngine\SIEngine.csproj", "{125010AD-BE93-4514-9EC3-3E97966FFC64}"
EndProject
Project("{9A19103F-16F7-4668-BE54-9A1E7A4F7556}") = "SIUI.Model", "src\Common\SIUI.Model\SIUI.Model.csproj", "{64F97376-E3D1-4C19-97C8-0F3489B5BBE9}"
EndProject
Project("{9A19103F-16F7-4668-BE54-9A1E7A4F7556}") = "SIUI.ViewModel", "src\Common\SIUI.ViewModel\SIUI.ViewModel.csproj", "{6A834083-BE81-4BEA-996B-1287154747A4}"
EndProject
Project("{9A19103F-16F7-4668-BE54-9A1E7A4F7556}") = "SIUI", "src\Common\SIUI\SIUI.csproj", "{78C96549-6EA8-4236-B026-6ECA55D9EC3A}"
EndProject
Project("{2150E333-8FDC-42A3-9474-1A3956D46DE8}") = "test", "test", "{F7CE4B38-4286-47BA-B5BA-0E4FA77E594E}"
EndProject
Project("{9A19103F-16F7-4668-BE54-9A1E7A4F7556}") = "SImulator.ViewModel.Tests", "test\SImulator\SImulator.ViewModel.Tests\SImulator.ViewModel.Tests.csproj", "{CB2B8CE7-876C-4D16-BFA4-E1F67F949280}"
EndProject
Project("{9A19103F-16F7-4668-BE54-9A1E7A4F7556}") = "SImulator", "src\SImulator\SImulator\SImulator.csproj", "{7BF7F1CE-2187-4372-9A31-CC0048031E09}"
EndProject
Project("{9A19103F-16F7-4668-BE54-9A1E7A4F7556}") = "Utils", "src\Common\Utils\Utils.csproj", "{349CBBC7-36F8-4ED6-B45B-7B34D5B970DD}"
EndProject
Project("{9A19103F-16F7-4668-BE54-9A1E7A4F7556}") = "AppService.Client", "src\Common\AppService.Client\AppService.Client.csproj", "{56112D6B-FD5A-4918-982D-4D3724375CF9}"
EndProject
Project("{2150E333-8FDC-42A3-9474-1A3956D46DE8}") = "src", "src", "{EDF0B6AF-1972-47A9-B812-533BD079C701}"
EndProject
Project("{9A19103F-16F7-4668-BE54-9A1E7A4F7556}") = "SIStorageService.Client", "src\Common\SIStorageService.Client\SIStorageService.Client.csproj", "{455768A8-E95D-4E0A-978F-15FC7AEF5ECC}"
EndProject
Project("{9A19103F-16F7-4668-BE54-9A1E7A4F7556}") = "SIStorageService.ViewModel", "src\Common\SIStorageService.ViewModel\SIStorageService.ViewModel.csproj", "{9CE7BB4E-0C76-4B89-9249-49369580C25B}"
EndProject
Project("{9A19103F-16F7-4668-BE54-9A1E7A4F7556}") = "SIEngine.Core", "src\Common\SIEngine.Core\SIEngine.Core.csproj", "{D960F7D2-7575-46DA-A2E4-A315A50B9863}"
EndProject
Project("{9A19103F-16F7-4668-BE54-9A1E7A4F7556}") = "SIEngine.Core.Tests", "test\Common\SIEngine.Core.Tests\SIEngine.Core.Tests.csproj", "{72F8EAE3-CBAD-45A5-A1BC-0FDA0C363DD2}"
EndProject
Project("{9A19103F-16F7-4668-BE54-9A1E7A4F7556}") = "SIEngine.Tests", "test\Common\SIEngine.Tests\SIEngine.Tests.csproj", "{DCFF45A4-3B49-4516-8D0C-ACA1F6A4B4B4}"
EndProject
Global
	GlobalSection(SolutionConfigurationPlatforms) = preSolution
		Debug|Any CPU = Debug|Any CPU
		Debug|ARM = Debug|ARM
		Debug|ARM64 = Debug|ARM64
		Debug|x64 = Debug|x64
		Debug|x86 = Debug|x86
		Release|Any CPU = Release|Any CPU
		Release|ARM = Release|ARM
		Release|ARM64 = Release|ARM64
		Release|x64 = Release|x64
		Release|x86 = Release|x86
	EndGlobalSection
	GlobalSection(ProjectConfigurationPlatforms) = postSolution
		{206D6F95-54D5-4029-8B7F-9A7841E2CE02}.Debug|Any CPU.ActiveCfg = Debug|Any CPU
		{206D6F95-54D5-4029-8B7F-9A7841E2CE02}.Debug|Any CPU.Build.0 = Debug|Any CPU
		{206D6F95-54D5-4029-8B7F-9A7841E2CE02}.Debug|ARM.ActiveCfg = Debug|Any CPU
		{206D6F95-54D5-4029-8B7F-9A7841E2CE02}.Debug|ARM.Build.0 = Debug|Any CPU
		{206D6F95-54D5-4029-8B7F-9A7841E2CE02}.Debug|ARM64.ActiveCfg = Debug|Any CPU
		{206D6F95-54D5-4029-8B7F-9A7841E2CE02}.Debug|ARM64.Build.0 = Debug|Any CPU
		{206D6F95-54D5-4029-8B7F-9A7841E2CE02}.Debug|x64.ActiveCfg = Debug|Any CPU
		{206D6F95-54D5-4029-8B7F-9A7841E2CE02}.Debug|x64.Build.0 = Debug|Any CPU
		{206D6F95-54D5-4029-8B7F-9A7841E2CE02}.Debug|x86.ActiveCfg = Debug|Any CPU
		{206D6F95-54D5-4029-8B7F-9A7841E2CE02}.Debug|x86.Build.0 = Debug|Any CPU
		{206D6F95-54D5-4029-8B7F-9A7841E2CE02}.Release|Any CPU.ActiveCfg = Release|Any CPU
		{206D6F95-54D5-4029-8B7F-9A7841E2CE02}.Release|Any CPU.Build.0 = Release|Any CPU
		{206D6F95-54D5-4029-8B7F-9A7841E2CE02}.Release|ARM.ActiveCfg = Release|Any CPU
		{206D6F95-54D5-4029-8B7F-9A7841E2CE02}.Release|ARM.Build.0 = Release|Any CPU
		{206D6F95-54D5-4029-8B7F-9A7841E2CE02}.Release|ARM64.ActiveCfg = Release|Any CPU
		{206D6F95-54D5-4029-8B7F-9A7841E2CE02}.Release|ARM64.Build.0 = Release|Any CPU
		{206D6F95-54D5-4029-8B7F-9A7841E2CE02}.Release|x64.ActiveCfg = Release|Any CPU
		{206D6F95-54D5-4029-8B7F-9A7841E2CE02}.Release|x64.Build.0 = Release|Any CPU
		{206D6F95-54D5-4029-8B7F-9A7841E2CE02}.Release|x86.ActiveCfg = Release|Any CPU
		{206D6F95-54D5-4029-8B7F-9A7841E2CE02}.Release|x86.Build.0 = Release|Any CPU
		{90C6B7EB-DF4B-487A-A760-0D45AA4CACAF}.Debug|Any CPU.ActiveCfg = Debug|Any CPU
		{90C6B7EB-DF4B-487A-A760-0D45AA4CACAF}.Debug|Any CPU.Build.0 = Debug|Any CPU
		{90C6B7EB-DF4B-487A-A760-0D45AA4CACAF}.Debug|ARM.ActiveCfg = Debug|Any CPU
		{90C6B7EB-DF4B-487A-A760-0D45AA4CACAF}.Debug|ARM.Build.0 = Debug|Any CPU
		{90C6B7EB-DF4B-487A-A760-0D45AA4CACAF}.Debug|ARM64.ActiveCfg = Debug|Any CPU
		{90C6B7EB-DF4B-487A-A760-0D45AA4CACAF}.Debug|ARM64.Build.0 = Debug|Any CPU
		{90C6B7EB-DF4B-487A-A760-0D45AA4CACAF}.Debug|x64.ActiveCfg = Debug|Any CPU
		{90C6B7EB-DF4B-487A-A760-0D45AA4CACAF}.Debug|x64.Build.0 = Debug|Any CPU
		{90C6B7EB-DF4B-487A-A760-0D45AA4CACAF}.Debug|x86.ActiveCfg = Debug|Any CPU
		{90C6B7EB-DF4B-487A-A760-0D45AA4CACAF}.Debug|x86.Build.0 = Debug|Any CPU
		{90C6B7EB-DF4B-487A-A760-0D45AA4CACAF}.Release|Any CPU.ActiveCfg = Release|Any CPU
		{90C6B7EB-DF4B-487A-A760-0D45AA4CACAF}.Release|Any CPU.Build.0 = Release|Any CPU
		{90C6B7EB-DF4B-487A-A760-0D45AA4CACAF}.Release|ARM.ActiveCfg = Release|Any CPU
		{90C6B7EB-DF4B-487A-A760-0D45AA4CACAF}.Release|ARM.Build.0 = Release|Any CPU
		{90C6B7EB-DF4B-487A-A760-0D45AA4CACAF}.Release|ARM64.ActiveCfg = Release|Any CPU
		{90C6B7EB-DF4B-487A-A760-0D45AA4CACAF}.Release|ARM64.Build.0 = Release|Any CPU
		{90C6B7EB-DF4B-487A-A760-0D45AA4CACAF}.Release|x64.ActiveCfg = Release|Any CPU
		{90C6B7EB-DF4B-487A-A760-0D45AA4CACAF}.Release|x64.Build.0 = Release|Any CPU
		{90C6B7EB-DF4B-487A-A760-0D45AA4CACAF}.Release|x86.ActiveCfg = Release|Any CPU
		{90C6B7EB-DF4B-487A-A760-0D45AA4CACAF}.Release|x86.Build.0 = Release|Any CPU
		{125010AD-BE93-4514-9EC3-3E97966FFC64}.Debug|Any CPU.ActiveCfg = Debug|Any CPU
		{125010AD-BE93-4514-9EC3-3E97966FFC64}.Debug|Any CPU.Build.0 = Debug|Any CPU
		{125010AD-BE93-4514-9EC3-3E97966FFC64}.Debug|ARM.ActiveCfg = Debug|Any CPU
		{125010AD-BE93-4514-9EC3-3E97966FFC64}.Debug|ARM.Build.0 = Debug|Any CPU
		{125010AD-BE93-4514-9EC3-3E97966FFC64}.Debug|ARM64.ActiveCfg = Debug|Any CPU
		{125010AD-BE93-4514-9EC3-3E97966FFC64}.Debug|ARM64.Build.0 = Debug|Any CPU
		{125010AD-BE93-4514-9EC3-3E97966FFC64}.Debug|x64.ActiveCfg = Debug|Any CPU
		{125010AD-BE93-4514-9EC3-3E97966FFC64}.Debug|x64.Build.0 = Debug|Any CPU
		{125010AD-BE93-4514-9EC3-3E97966FFC64}.Debug|x86.ActiveCfg = Debug|Any CPU
		{125010AD-BE93-4514-9EC3-3E97966FFC64}.Debug|x86.Build.0 = Debug|Any CPU
		{125010AD-BE93-4514-9EC3-3E97966FFC64}.Release|Any CPU.ActiveCfg = Release|Any CPU
		{125010AD-BE93-4514-9EC3-3E97966FFC64}.Release|Any CPU.Build.0 = Release|Any CPU
		{125010AD-BE93-4514-9EC3-3E97966FFC64}.Release|ARM.ActiveCfg = Release|Any CPU
		{125010AD-BE93-4514-9EC3-3E97966FFC64}.Release|ARM.Build.0 = Release|Any CPU
		{125010AD-BE93-4514-9EC3-3E97966FFC64}.Release|ARM64.ActiveCfg = Release|Any CPU
		{125010AD-BE93-4514-9EC3-3E97966FFC64}.Release|ARM64.Build.0 = Release|Any CPU
		{125010AD-BE93-4514-9EC3-3E97966FFC64}.Release|x64.ActiveCfg = Release|Any CPU
		{125010AD-BE93-4514-9EC3-3E97966FFC64}.Release|x64.Build.0 = Release|Any CPU
		{125010AD-BE93-4514-9EC3-3E97966FFC64}.Release|x86.ActiveCfg = Release|Any CPU
		{125010AD-BE93-4514-9EC3-3E97966FFC64}.Release|x86.Build.0 = Release|Any CPU
		{64F97376-E3D1-4C19-97C8-0F3489B5BBE9}.Debug|Any CPU.ActiveCfg = Debug|Any CPU
		{64F97376-E3D1-4C19-97C8-0F3489B5BBE9}.Debug|Any CPU.Build.0 = Debug|Any CPU
		{64F97376-E3D1-4C19-97C8-0F3489B5BBE9}.Debug|ARM.ActiveCfg = Debug|Any CPU
		{64F97376-E3D1-4C19-97C8-0F3489B5BBE9}.Debug|ARM.Build.0 = Debug|Any CPU
		{64F97376-E3D1-4C19-97C8-0F3489B5BBE9}.Debug|ARM64.ActiveCfg = Debug|Any CPU
		{64F97376-E3D1-4C19-97C8-0F3489B5BBE9}.Debug|ARM64.Build.0 = Debug|Any CPU
		{64F97376-E3D1-4C19-97C8-0F3489B5BBE9}.Debug|x64.ActiveCfg = Debug|Any CPU
		{64F97376-E3D1-4C19-97C8-0F3489B5BBE9}.Debug|x64.Build.0 = Debug|Any CPU
		{64F97376-E3D1-4C19-97C8-0F3489B5BBE9}.Debug|x86.ActiveCfg = Debug|Any CPU
		{64F97376-E3D1-4C19-97C8-0F3489B5BBE9}.Debug|x86.Build.0 = Debug|Any CPU
		{64F97376-E3D1-4C19-97C8-0F3489B5BBE9}.Release|Any CPU.ActiveCfg = Release|Any CPU
		{64F97376-E3D1-4C19-97C8-0F3489B5BBE9}.Release|Any CPU.Build.0 = Release|Any CPU
		{64F97376-E3D1-4C19-97C8-0F3489B5BBE9}.Release|ARM.ActiveCfg = Release|Any CPU
		{64F97376-E3D1-4C19-97C8-0F3489B5BBE9}.Release|ARM.Build.0 = Release|Any CPU
		{64F97376-E3D1-4C19-97C8-0F3489B5BBE9}.Release|ARM64.ActiveCfg = Release|Any CPU
		{64F97376-E3D1-4C19-97C8-0F3489B5BBE9}.Release|ARM64.Build.0 = Release|Any CPU
		{64F97376-E3D1-4C19-97C8-0F3489B5BBE9}.Release|x64.ActiveCfg = Release|Any CPU
		{64F97376-E3D1-4C19-97C8-0F3489B5BBE9}.Release|x64.Build.0 = Release|Any CPU
		{64F97376-E3D1-4C19-97C8-0F3489B5BBE9}.Release|x86.ActiveCfg = Release|Any CPU
		{64F97376-E3D1-4C19-97C8-0F3489B5BBE9}.Release|x86.Build.0 = Release|Any CPU
		{6A834083-BE81-4BEA-996B-1287154747A4}.Debug|Any CPU.ActiveCfg = Debug|Any CPU
		{6A834083-BE81-4BEA-996B-1287154747A4}.Debug|Any CPU.Build.0 = Debug|Any CPU
		{6A834083-BE81-4BEA-996B-1287154747A4}.Debug|ARM.ActiveCfg = Debug|Any CPU
		{6A834083-BE81-4BEA-996B-1287154747A4}.Debug|ARM.Build.0 = Debug|Any CPU
		{6A834083-BE81-4BEA-996B-1287154747A4}.Debug|ARM64.ActiveCfg = Debug|Any CPU
		{6A834083-BE81-4BEA-996B-1287154747A4}.Debug|ARM64.Build.0 = Debug|Any CPU
		{6A834083-BE81-4BEA-996B-1287154747A4}.Debug|x64.ActiveCfg = Debug|Any CPU
		{6A834083-BE81-4BEA-996B-1287154747A4}.Debug|x64.Build.0 = Debug|Any CPU
		{6A834083-BE81-4BEA-996B-1287154747A4}.Debug|x86.ActiveCfg = Debug|Any CPU
		{6A834083-BE81-4BEA-996B-1287154747A4}.Debug|x86.Build.0 = Debug|Any CPU
		{6A834083-BE81-4BEA-996B-1287154747A4}.Release|Any CPU.ActiveCfg = Release|Any CPU
		{6A834083-BE81-4BEA-996B-1287154747A4}.Release|Any CPU.Build.0 = Release|Any CPU
		{6A834083-BE81-4BEA-996B-1287154747A4}.Release|ARM.ActiveCfg = Release|Any CPU
		{6A834083-BE81-4BEA-996B-1287154747A4}.Release|ARM.Build.0 = Release|Any CPU
		{6A834083-BE81-4BEA-996B-1287154747A4}.Release|ARM64.ActiveCfg = Release|Any CPU
		{6A834083-BE81-4BEA-996B-1287154747A4}.Release|ARM64.Build.0 = Release|Any CPU
		{6A834083-BE81-4BEA-996B-1287154747A4}.Release|x64.ActiveCfg = Release|Any CPU
		{6A834083-BE81-4BEA-996B-1287154747A4}.Release|x64.Build.0 = Release|Any CPU
		{6A834083-BE81-4BEA-996B-1287154747A4}.Release|x86.ActiveCfg = Release|Any CPU
		{6A834083-BE81-4BEA-996B-1287154747A4}.Release|x86.Build.0 = Release|Any CPU
		{78C96549-6EA8-4236-B026-6ECA55D9EC3A}.Debug|Any CPU.ActiveCfg = Debug|Any CPU
		{78C96549-6EA8-4236-B026-6ECA55D9EC3A}.Debug|Any CPU.Build.0 = Debug|Any CPU
		{78C96549-6EA8-4236-B026-6ECA55D9EC3A}.Debug|ARM.ActiveCfg = Debug|Any CPU
		{78C96549-6EA8-4236-B026-6ECA55D9EC3A}.Debug|ARM.Build.0 = Debug|Any CPU
		{78C96549-6EA8-4236-B026-6ECA55D9EC3A}.Debug|ARM64.ActiveCfg = Debug|Any CPU
		{78C96549-6EA8-4236-B026-6ECA55D9EC3A}.Debug|ARM64.Build.0 = Debug|Any CPU
		{78C96549-6EA8-4236-B026-6ECA55D9EC3A}.Debug|x64.ActiveCfg = Debug|Any CPU
		{78C96549-6EA8-4236-B026-6ECA55D9EC3A}.Debug|x64.Build.0 = Debug|Any CPU
		{78C96549-6EA8-4236-B026-6ECA55D9EC3A}.Debug|x86.ActiveCfg = Debug|Any CPU
		{78C96549-6EA8-4236-B026-6ECA55D9EC3A}.Debug|x86.Build.0 = Debug|Any CPU
		{78C96549-6EA8-4236-B026-6ECA55D9EC3A}.Release|Any CPU.ActiveCfg = Release|Any CPU
		{78C96549-6EA8-4236-B026-6ECA55D9EC3A}.Release|Any CPU.Build.0 = Release|Any CPU
		{78C96549-6EA8-4236-B026-6ECA55D9EC3A}.Release|ARM.ActiveCfg = Release|Any CPU
		{78C96549-6EA8-4236-B026-6ECA55D9EC3A}.Release|ARM.Build.0 = Release|Any CPU
		{78C96549-6EA8-4236-B026-6ECA55D9EC3A}.Release|ARM64.ActiveCfg = Release|Any CPU
		{78C96549-6EA8-4236-B026-6ECA55D9EC3A}.Release|ARM64.Build.0 = Release|Any CPU
		{78C96549-6EA8-4236-B026-6ECA55D9EC3A}.Release|x64.ActiveCfg = Release|Any CPU
		{78C96549-6EA8-4236-B026-6ECA55D9EC3A}.Release|x64.Build.0 = Release|Any CPU
		{78C96549-6EA8-4236-B026-6ECA55D9EC3A}.Release|x86.ActiveCfg = Release|Any CPU
		{78C96549-6EA8-4236-B026-6ECA55D9EC3A}.Release|x86.Build.0 = Release|Any CPU
		{CB2B8CE7-876C-4D16-BFA4-E1F67F949280}.Debug|Any CPU.ActiveCfg = Debug|Any CPU
		{CB2B8CE7-876C-4D16-BFA4-E1F67F949280}.Debug|Any CPU.Build.0 = Debug|Any CPU
		{CB2B8CE7-876C-4D16-BFA4-E1F67F949280}.Debug|ARM.ActiveCfg = Debug|Any CPU
		{CB2B8CE7-876C-4D16-BFA4-E1F67F949280}.Debug|ARM.Build.0 = Debug|Any CPU
		{CB2B8CE7-876C-4D16-BFA4-E1F67F949280}.Debug|ARM64.ActiveCfg = Debug|Any CPU
		{CB2B8CE7-876C-4D16-BFA4-E1F67F949280}.Debug|ARM64.Build.0 = Debug|Any CPU
		{CB2B8CE7-876C-4D16-BFA4-E1F67F949280}.Debug|x64.ActiveCfg = Debug|Any CPU
		{CB2B8CE7-876C-4D16-BFA4-E1F67F949280}.Debug|x64.Build.0 = Debug|Any CPU
		{CB2B8CE7-876C-4D16-BFA4-E1F67F949280}.Debug|x86.ActiveCfg = Debug|Any CPU
		{CB2B8CE7-876C-4D16-BFA4-E1F67F949280}.Debug|x86.Build.0 = Debug|Any CPU
		{CB2B8CE7-876C-4D16-BFA4-E1F67F949280}.Release|Any CPU.ActiveCfg = Release|Any CPU
		{CB2B8CE7-876C-4D16-BFA4-E1F67F949280}.Release|Any CPU.Build.0 = Release|Any CPU
		{CB2B8CE7-876C-4D16-BFA4-E1F67F949280}.Release|ARM.ActiveCfg = Release|Any CPU
		{CB2B8CE7-876C-4D16-BFA4-E1F67F949280}.Release|ARM.Build.0 = Release|Any CPU
		{CB2B8CE7-876C-4D16-BFA4-E1F67F949280}.Release|ARM64.ActiveCfg = Release|Any CPU
		{CB2B8CE7-876C-4D16-BFA4-E1F67F949280}.Release|ARM64.Build.0 = Release|Any CPU
		{CB2B8CE7-876C-4D16-BFA4-E1F67F949280}.Release|x64.ActiveCfg = Release|Any CPU
		{CB2B8CE7-876C-4D16-BFA4-E1F67F949280}.Release|x64.Build.0 = Release|Any CPU
		{CB2B8CE7-876C-4D16-BFA4-E1F67F949280}.Release|x86.ActiveCfg = Release|Any CPU
		{CB2B8CE7-876C-4D16-BFA4-E1F67F949280}.Release|x86.Build.0 = Release|Any CPU
		{7BF7F1CE-2187-4372-9A31-CC0048031E09}.Debug|Any CPU.ActiveCfg = Debug|Any CPU
		{7BF7F1CE-2187-4372-9A31-CC0048031E09}.Debug|Any CPU.Build.0 = Debug|Any CPU
		{7BF7F1CE-2187-4372-9A31-CC0048031E09}.Debug|ARM.ActiveCfg = Debug|Any CPU
		{7BF7F1CE-2187-4372-9A31-CC0048031E09}.Debug|ARM.Build.0 = Debug|Any CPU
		{7BF7F1CE-2187-4372-9A31-CC0048031E09}.Debug|ARM64.ActiveCfg = Debug|Any CPU
		{7BF7F1CE-2187-4372-9A31-CC0048031E09}.Debug|ARM64.Build.0 = Debug|Any CPU
		{7BF7F1CE-2187-4372-9A31-CC0048031E09}.Debug|x64.ActiveCfg = Debug|Any CPU
		{7BF7F1CE-2187-4372-9A31-CC0048031E09}.Debug|x64.Build.0 = Debug|Any CPU
		{7BF7F1CE-2187-4372-9A31-CC0048031E09}.Debug|x86.ActiveCfg = Debug|Any CPU
		{7BF7F1CE-2187-4372-9A31-CC0048031E09}.Debug|x86.Build.0 = Debug|Any CPU
		{7BF7F1CE-2187-4372-9A31-CC0048031E09}.Release|Any CPU.ActiveCfg = Release|Any CPU
		{7BF7F1CE-2187-4372-9A31-CC0048031E09}.Release|Any CPU.Build.0 = Release|Any CPU
		{7BF7F1CE-2187-4372-9A31-CC0048031E09}.Release|ARM.ActiveCfg = Release|Any CPU
		{7BF7F1CE-2187-4372-9A31-CC0048031E09}.Release|ARM.Build.0 = Release|Any CPU
		{7BF7F1CE-2187-4372-9A31-CC0048031E09}.Release|ARM64.ActiveCfg = Release|Any CPU
		{7BF7F1CE-2187-4372-9A31-CC0048031E09}.Release|ARM64.Build.0 = Release|Any CPU
		{7BF7F1CE-2187-4372-9A31-CC0048031E09}.Release|x64.ActiveCfg = Release|Any CPU
		{7BF7F1CE-2187-4372-9A31-CC0048031E09}.Release|x64.Build.0 = Release|Any CPU
		{7BF7F1CE-2187-4372-9A31-CC0048031E09}.Release|x86.ActiveCfg = Release|Any CPU
		{7BF7F1CE-2187-4372-9A31-CC0048031E09}.Release|x86.Build.0 = Release|Any CPU
		{349CBBC7-36F8-4ED6-B45B-7B34D5B970DD}.Debug|Any CPU.ActiveCfg = Debug|Any CPU
		{349CBBC7-36F8-4ED6-B45B-7B34D5B970DD}.Debug|Any CPU.Build.0 = Debug|Any CPU
		{349CBBC7-36F8-4ED6-B45B-7B34D5B970DD}.Debug|ARM.ActiveCfg = Debug|Any CPU
		{349CBBC7-36F8-4ED6-B45B-7B34D5B970DD}.Debug|ARM.Build.0 = Debug|Any CPU
		{349CBBC7-36F8-4ED6-B45B-7B34D5B970DD}.Debug|ARM64.ActiveCfg = Debug|Any CPU
		{349CBBC7-36F8-4ED6-B45B-7B34D5B970DD}.Debug|ARM64.Build.0 = Debug|Any CPU
		{349CBBC7-36F8-4ED6-B45B-7B34D5B970DD}.Debug|x64.ActiveCfg = Debug|Any CPU
		{349CBBC7-36F8-4ED6-B45B-7B34D5B970DD}.Debug|x64.Build.0 = Debug|Any CPU
		{349CBBC7-36F8-4ED6-B45B-7B34D5B970DD}.Debug|x86.ActiveCfg = Debug|Any CPU
		{349CBBC7-36F8-4ED6-B45B-7B34D5B970DD}.Debug|x86.Build.0 = Debug|Any CPU
		{349CBBC7-36F8-4ED6-B45B-7B34D5B970DD}.Release|Any CPU.ActiveCfg = Release|Any CPU
		{349CBBC7-36F8-4ED6-B45B-7B34D5B970DD}.Release|Any CPU.Build.0 = Release|Any CPU
		{349CBBC7-36F8-4ED6-B45B-7B34D5B970DD}.Release|ARM.ActiveCfg = Release|Any CPU
		{349CBBC7-36F8-4ED6-B45B-7B34D5B970DD}.Release|ARM.Build.0 = Release|Any CPU
		{349CBBC7-36F8-4ED6-B45B-7B34D5B970DD}.Release|ARM64.ActiveCfg = Release|Any CPU
		{349CBBC7-36F8-4ED6-B45B-7B34D5B970DD}.Release|ARM64.Build.0 = Release|Any CPU
		{349CBBC7-36F8-4ED6-B45B-7B34D5B970DD}.Release|x64.ActiveCfg = Release|Any CPU
		{349CBBC7-36F8-4ED6-B45B-7B34D5B970DD}.Release|x64.Build.0 = Release|Any CPU
		{349CBBC7-36F8-4ED6-B45B-7B34D5B970DD}.Release|x86.ActiveCfg = Release|Any CPU
		{349CBBC7-36F8-4ED6-B45B-7B34D5B970DD}.Release|x86.Build.0 = Release|Any CPU
		{56112D6B-FD5A-4918-982D-4D3724375CF9}.Debug|Any CPU.ActiveCfg = Debug|Any CPU
		{56112D6B-FD5A-4918-982D-4D3724375CF9}.Debug|Any CPU.Build.0 = Debug|Any CPU
		{56112D6B-FD5A-4918-982D-4D3724375CF9}.Debug|ARM.ActiveCfg = Debug|Any CPU
		{56112D6B-FD5A-4918-982D-4D3724375CF9}.Debug|ARM.Build.0 = Debug|Any CPU
		{56112D6B-FD5A-4918-982D-4D3724375CF9}.Debug|ARM64.ActiveCfg = Debug|Any CPU
		{56112D6B-FD5A-4918-982D-4D3724375CF9}.Debug|ARM64.Build.0 = Debug|Any CPU
		{56112D6B-FD5A-4918-982D-4D3724375CF9}.Debug|x64.ActiveCfg = Debug|Any CPU
		{56112D6B-FD5A-4918-982D-4D3724375CF9}.Debug|x64.Build.0 = Debug|Any CPU
		{56112D6B-FD5A-4918-982D-4D3724375CF9}.Debug|x86.ActiveCfg = Debug|Any CPU
		{56112D6B-FD5A-4918-982D-4D3724375CF9}.Debug|x86.Build.0 = Debug|Any CPU
		{56112D6B-FD5A-4918-982D-4D3724375CF9}.Release|Any CPU.ActiveCfg = Release|Any CPU
		{56112D6B-FD5A-4918-982D-4D3724375CF9}.Release|Any CPU.Build.0 = Release|Any CPU
		{56112D6B-FD5A-4918-982D-4D3724375CF9}.Release|ARM.ActiveCfg = Release|Any CPU
		{56112D6B-FD5A-4918-982D-4D3724375CF9}.Release|ARM.Build.0 = Release|Any CPU
		{56112D6B-FD5A-4918-982D-4D3724375CF9}.Release|ARM64.ActiveCfg = Release|Any CPU
		{56112D6B-FD5A-4918-982D-4D3724375CF9}.Release|ARM64.Build.0 = Release|Any CPU
		{56112D6B-FD5A-4918-982D-4D3724375CF9}.Release|x64.ActiveCfg = Release|Any CPU
		{56112D6B-FD5A-4918-982D-4D3724375CF9}.Release|x64.Build.0 = Release|Any CPU
		{56112D6B-FD5A-4918-982D-4D3724375CF9}.Release|x86.ActiveCfg = Release|Any CPU
		{56112D6B-FD5A-4918-982D-4D3724375CF9}.Release|x86.Build.0 = Release|Any CPU
		{455768A8-E95D-4E0A-978F-15FC7AEF5ECC}.Debug|Any CPU.ActiveCfg = Debug|Any CPU
		{455768A8-E95D-4E0A-978F-15FC7AEF5ECC}.Debug|Any CPU.Build.0 = Debug|Any CPU
		{455768A8-E95D-4E0A-978F-15FC7AEF5ECC}.Debug|ARM.ActiveCfg = Debug|Any CPU
		{455768A8-E95D-4E0A-978F-15FC7AEF5ECC}.Debug|ARM.Build.0 = Debug|Any CPU
		{455768A8-E95D-4E0A-978F-15FC7AEF5ECC}.Debug|ARM64.ActiveCfg = Debug|Any CPU
		{455768A8-E95D-4E0A-978F-15FC7AEF5ECC}.Debug|ARM64.Build.0 = Debug|Any CPU
		{455768A8-E95D-4E0A-978F-15FC7AEF5ECC}.Debug|x64.ActiveCfg = Debug|Any CPU
		{455768A8-E95D-4E0A-978F-15FC7AEF5ECC}.Debug|x64.Build.0 = Debug|Any CPU
		{455768A8-E95D-4E0A-978F-15FC7AEF5ECC}.Debug|x86.ActiveCfg = Debug|Any CPU
		{455768A8-E95D-4E0A-978F-15FC7AEF5ECC}.Debug|x86.Build.0 = Debug|Any CPU
		{455768A8-E95D-4E0A-978F-15FC7AEF5ECC}.Release|Any CPU.ActiveCfg = Release|Any CPU
		{455768A8-E95D-4E0A-978F-15FC7AEF5ECC}.Release|Any CPU.Build.0 = Release|Any CPU
		{455768A8-E95D-4E0A-978F-15FC7AEF5ECC}.Release|ARM.ActiveCfg = Release|Any CPU
		{455768A8-E95D-4E0A-978F-15FC7AEF5ECC}.Release|ARM.Build.0 = Release|Any CPU
		{455768A8-E95D-4E0A-978F-15FC7AEF5ECC}.Release|ARM64.ActiveCfg = Release|Any CPU
		{455768A8-E95D-4E0A-978F-15FC7AEF5ECC}.Release|ARM64.Build.0 = Release|Any CPU
		{455768A8-E95D-4E0A-978F-15FC7AEF5ECC}.Release|x64.ActiveCfg = Release|Any CPU
		{455768A8-E95D-4E0A-978F-15FC7AEF5ECC}.Release|x64.Build.0 = Release|Any CPU
		{455768A8-E95D-4E0A-978F-15FC7AEF5ECC}.Release|x86.ActiveCfg = Release|Any CPU
		{455768A8-E95D-4E0A-978F-15FC7AEF5ECC}.Release|x86.Build.0 = Release|Any CPU
		{9CE7BB4E-0C76-4B89-9249-49369580C25B}.Debug|Any CPU.ActiveCfg = Debug|Any CPU
		{9CE7BB4E-0C76-4B89-9249-49369580C25B}.Debug|Any CPU.Build.0 = Debug|Any CPU
		{9CE7BB4E-0C76-4B89-9249-49369580C25B}.Debug|ARM.ActiveCfg = Debug|Any CPU
		{9CE7BB4E-0C76-4B89-9249-49369580C25B}.Debug|ARM.Build.0 = Debug|Any CPU
		{9CE7BB4E-0C76-4B89-9249-49369580C25B}.Debug|ARM64.ActiveCfg = Debug|Any CPU
		{9CE7BB4E-0C76-4B89-9249-49369580C25B}.Debug|ARM64.Build.0 = Debug|Any CPU
		{9CE7BB4E-0C76-4B89-9249-49369580C25B}.Debug|x64.ActiveCfg = Debug|Any CPU
		{9CE7BB4E-0C76-4B89-9249-49369580C25B}.Debug|x64.Build.0 = Debug|Any CPU
		{9CE7BB4E-0C76-4B89-9249-49369580C25B}.Debug|x86.ActiveCfg = Debug|Any CPU
		{9CE7BB4E-0C76-4B89-9249-49369580C25B}.Debug|x86.Build.0 = Debug|Any CPU
		{9CE7BB4E-0C76-4B89-9249-49369580C25B}.Release|Any CPU.ActiveCfg = Release|Any CPU
		{9CE7BB4E-0C76-4B89-9249-49369580C25B}.Release|Any CPU.Build.0 = Release|Any CPU
		{9CE7BB4E-0C76-4B89-9249-49369580C25B}.Release|ARM.ActiveCfg = Release|Any CPU
		{9CE7BB4E-0C76-4B89-9249-49369580C25B}.Release|ARM.Build.0 = Release|Any CPU
		{9CE7BB4E-0C76-4B89-9249-49369580C25B}.Release|ARM64.ActiveCfg = Release|Any CPU
		{9CE7BB4E-0C76-4B89-9249-49369580C25B}.Release|ARM64.Build.0 = Release|Any CPU
		{9CE7BB4E-0C76-4B89-9249-49369580C25B}.Release|x64.ActiveCfg = Release|Any CPU
		{9CE7BB4E-0C76-4B89-9249-49369580C25B}.Release|x64.Build.0 = Release|Any CPU
		{9CE7BB4E-0C76-4B89-9249-49369580C25B}.Release|x86.ActiveCfg = Release|Any CPU
		{9CE7BB4E-0C76-4B89-9249-49369580C25B}.Release|x86.Build.0 = Release|Any CPU
		{D960F7D2-7575-46DA-A2E4-A315A50B9863}.Debug|Any CPU.ActiveCfg = Debug|Any CPU
		{D960F7D2-7575-46DA-A2E4-A315A50B9863}.Debug|Any CPU.Build.0 = Debug|Any CPU
		{D960F7D2-7575-46DA-A2E4-A315A50B9863}.Debug|ARM.ActiveCfg = Debug|Any CPU
		{D960F7D2-7575-46DA-A2E4-A315A50B9863}.Debug|ARM.Build.0 = Debug|Any CPU
		{D960F7D2-7575-46DA-A2E4-A315A50B9863}.Debug|ARM64.ActiveCfg = Debug|Any CPU
		{D960F7D2-7575-46DA-A2E4-A315A50B9863}.Debug|ARM64.Build.0 = Debug|Any CPU
		{D960F7D2-7575-46DA-A2E4-A315A50B9863}.Debug|x64.ActiveCfg = Debug|Any CPU
		{D960F7D2-7575-46DA-A2E4-A315A50B9863}.Debug|x64.Build.0 = Debug|Any CPU
		{D960F7D2-7575-46DA-A2E4-A315A50B9863}.Debug|x86.ActiveCfg = Debug|Any CPU
		{D960F7D2-7575-46DA-A2E4-A315A50B9863}.Debug|x86.Build.0 = Debug|Any CPU
		{D960F7D2-7575-46DA-A2E4-A315A50B9863}.Release|Any CPU.ActiveCfg = Release|Any CPU
		{D960F7D2-7575-46DA-A2E4-A315A50B9863}.Release|Any CPU.Build.0 = Release|Any CPU
		{D960F7D2-7575-46DA-A2E4-A315A50B9863}.Release|ARM.ActiveCfg = Release|Any CPU
		{D960F7D2-7575-46DA-A2E4-A315A50B9863}.Release|ARM.Build.0 = Release|Any CPU
		{D960F7D2-7575-46DA-A2E4-A315A50B9863}.Release|ARM64.ActiveCfg = Release|Any CPU
		{D960F7D2-7575-46DA-A2E4-A315A50B9863}.Release|ARM64.Build.0 = Release|Any CPU
		{D960F7D2-7575-46DA-A2E4-A315A50B9863}.Release|x64.ActiveCfg = Release|Any CPU
		{D960F7D2-7575-46DA-A2E4-A315A50B9863}.Release|x64.Build.0 = Release|Any CPU
		{D960F7D2-7575-46DA-A2E4-A315A50B9863}.Release|x86.ActiveCfg = Release|Any CPU
		{D960F7D2-7575-46DA-A2E4-A315A50B9863}.Release|x86.Build.0 = Release|Any CPU
		{72F8EAE3-CBAD-45A5-A1BC-0FDA0C363DD2}.Debug|Any CPU.ActiveCfg = Debug|Any CPU
		{72F8EAE3-CBAD-45A5-A1BC-0FDA0C363DD2}.Debug|Any CPU.Build.0 = Debug|Any CPU
		{72F8EAE3-CBAD-45A5-A1BC-0FDA0C363DD2}.Debug|ARM.ActiveCfg = Debug|Any CPU
		{72F8EAE3-CBAD-45A5-A1BC-0FDA0C363DD2}.Debug|ARM.Build.0 = Debug|Any CPU
		{72F8EAE3-CBAD-45A5-A1BC-0FDA0C363DD2}.Debug|ARM64.ActiveCfg = Debug|Any CPU
		{72F8EAE3-CBAD-45A5-A1BC-0FDA0C363DD2}.Debug|ARM64.Build.0 = Debug|Any CPU
		{72F8EAE3-CBAD-45A5-A1BC-0FDA0C363DD2}.Debug|x64.ActiveCfg = Debug|Any CPU
		{72F8EAE3-CBAD-45A5-A1BC-0FDA0C363DD2}.Debug|x64.Build.0 = Debug|Any CPU
		{72F8EAE3-CBAD-45A5-A1BC-0FDA0C363DD2}.Debug|x86.ActiveCfg = Debug|Any CPU
		{72F8EAE3-CBAD-45A5-A1BC-0FDA0C363DD2}.Debug|x86.Build.0 = Debug|Any CPU
		{72F8EAE3-CBAD-45A5-A1BC-0FDA0C363DD2}.Release|Any CPU.ActiveCfg = Release|Any CPU
		{72F8EAE3-CBAD-45A5-A1BC-0FDA0C363DD2}.Release|Any CPU.Build.0 = Release|Any CPU
		{72F8EAE3-CBAD-45A5-A1BC-0FDA0C363DD2}.Release|ARM.ActiveCfg = Release|Any CPU
		{72F8EAE3-CBAD-45A5-A1BC-0FDA0C363DD2}.Release|ARM.Build.0 = Release|Any CPU
		{72F8EAE3-CBAD-45A5-A1BC-0FDA0C363DD2}.Release|ARM64.ActiveCfg = Release|Any CPU
		{72F8EAE3-CBAD-45A5-A1BC-0FDA0C363DD2}.Release|ARM64.Build.0 = Release|Any CPU
		{72F8EAE3-CBAD-45A5-A1BC-0FDA0C363DD2}.Release|x64.ActiveCfg = Release|Any CPU
		{72F8EAE3-CBAD-45A5-A1BC-0FDA0C363DD2}.Release|x64.Build.0 = Release|Any CPU
		{72F8EAE3-CBAD-45A5-A1BC-0FDA0C363DD2}.Release|x86.ActiveCfg = Release|Any CPU
		{72F8EAE3-CBAD-45A5-A1BC-0FDA0C363DD2}.Release|x86.Build.0 = Release|Any CPU
		{DCFF45A4-3B49-4516-8D0C-ACA1F6A4B4B4}.Debug|Any CPU.ActiveCfg = Debug|Any CPU
		{DCFF45A4-3B49-4516-8D0C-ACA1F6A4B4B4}.Debug|Any CPU.Build.0 = Debug|Any CPU
		{DCFF45A4-3B49-4516-8D0C-ACA1F6A4B4B4}.Debug|ARM.ActiveCfg = Debug|Any CPU
		{DCFF45A4-3B49-4516-8D0C-ACA1F6A4B4B4}.Debug|ARM.Build.0 = Debug|Any CPU
		{DCFF45A4-3B49-4516-8D0C-ACA1F6A4B4B4}.Debug|ARM64.ActiveCfg = Debug|Any CPU
		{DCFF45A4-3B49-4516-8D0C-ACA1F6A4B4B4}.Debug|ARM64.Build.0 = Debug|Any CPU
		{DCFF45A4-3B49-4516-8D0C-ACA1F6A4B4B4}.Debug|x64.ActiveCfg = Debug|Any CPU
		{DCFF45A4-3B49-4516-8D0C-ACA1F6A4B4B4}.Debug|x64.Build.0 = Debug|Any CPU
		{DCFF45A4-3B49-4516-8D0C-ACA1F6A4B4B4}.Debug|x86.ActiveCfg = Debug|Any CPU
		{DCFF45A4-3B49-4516-8D0C-ACA1F6A4B4B4}.Debug|x86.Build.0 = Debug|Any CPU
		{DCFF45A4-3B49-4516-8D0C-ACA1F6A4B4B4}.Release|Any CPU.ActiveCfg = Release|Any CPU
		{DCFF45A4-3B49-4516-8D0C-ACA1F6A4B4B4}.Release|Any CPU.Build.0 = Release|Any CPU
		{DCFF45A4-3B49-4516-8D0C-ACA1F6A4B4B4}.Release|ARM.ActiveCfg = Release|Any CPU
		{DCFF45A4-3B49-4516-8D0C-ACA1F6A4B4B4}.Release|ARM.Build.0 = Release|Any CPU
		{DCFF45A4-3B49-4516-8D0C-ACA1F6A4B4B4}.Release|ARM64.ActiveCfg = Release|Any CPU
		{DCFF45A4-3B49-4516-8D0C-ACA1F6A4B4B4}.Release|ARM64.Build.0 = Release|Any CPU
		{DCFF45A4-3B49-4516-8D0C-ACA1F6A4B4B4}.Release|x64.ActiveCfg = Release|Any CPU
		{DCFF45A4-3B49-4516-8D0C-ACA1F6A4B4B4}.Release|x64.Build.0 = Release|Any CPU
		{DCFF45A4-3B49-4516-8D0C-ACA1F6A4B4B4}.Release|x86.ActiveCfg = Release|Any CPU
		{DCFF45A4-3B49-4516-8D0C-ACA1F6A4B4B4}.Release|x86.Build.0 = Release|Any CPU
	EndGlobalSection
	GlobalSection(SolutionProperties) = preSolution
		HideSolutionNode = FALSE
	EndGlobalSection
	GlobalSection(NestedProjects) = preSolution
		{069B16F1-8F70-4CFC-8651-E4763D225B60} = {EDF0B6AF-1972-47A9-B812-533BD079C701}
		{117739F8-28CD-4CC4-950C-E3513265A87D} = {EDF0B6AF-1972-47A9-B812-533BD079C701}
		{206D6F95-54D5-4029-8B7F-9A7841E2CE02} = {EDF0B6AF-1972-47A9-B812-533BD079C701}
		{90C6B7EB-DF4B-487A-A760-0D45AA4CACAF} = {069B16F1-8F70-4CFC-8651-E4763D225B60}
		{125010AD-BE93-4514-9EC3-3E97966FFC64} = {069B16F1-8F70-4CFC-8651-E4763D225B60}
		{64F97376-E3D1-4C19-97C8-0F3489B5BBE9} = {069B16F1-8F70-4CFC-8651-E4763D225B60}
		{6A834083-BE81-4BEA-996B-1287154747A4} = {069B16F1-8F70-4CFC-8651-E4763D225B60}
		{78C96549-6EA8-4236-B026-6ECA55D9EC3A} = {117739F8-28CD-4CC4-950C-E3513265A87D}
		{CB2B8CE7-876C-4D16-BFA4-E1F67F949280} = {F7CE4B38-4286-47BA-B5BA-0E4FA77E594E}
		{7BF7F1CE-2187-4372-9A31-CC0048031E09} = {117739F8-28CD-4CC4-950C-E3513265A87D}
		{349CBBC7-36F8-4ED6-B45B-7B34D5B970DD} = {069B16F1-8F70-4CFC-8651-E4763D225B60}
		{56112D6B-FD5A-4918-982D-4D3724375CF9} = {069B16F1-8F70-4CFC-8651-E4763D225B60}
		{455768A8-E95D-4E0A-978F-15FC7AEF5ECC} = {069B16F1-8F70-4CFC-8651-E4763D225B60}
		{9CE7BB4E-0C76-4B89-9249-49369580C25B} = {069B16F1-8F70-4CFC-8651-E4763D225B60}
		{D960F7D2-7575-46DA-A2E4-A315A50B9863} = {069B16F1-8F70-4CFC-8651-E4763D225B60}
		{72F8EAE3-CBAD-45A5-A1BC-0FDA0C363DD2} = {F7CE4B38-4286-47BA-B5BA-0E4FA77E594E}
		{DCFF45A4-3B49-4516-8D0C-ACA1F6A4B4B4} = {F7CE4B38-4286-47BA-B5BA-0E4FA77E594E}
	EndGlobalSection
	GlobalSection(ExtensibilityGlobals) = postSolution
		SolutionGuid = {F89D1FB6-3468-4F5A-A264-5FA73A287D25}
	EndGlobalSection
EndGlobal
