
Microsoft Visual Studio Solution File, Format Version 12.00
# Visual Studio Version 17
VisualStudioVersion = 17.1.32328.378
MinimumVisualStudioVersion = 10.0.40219.1
Project("{2150E333-8FDC-42A3-9474-1A3956D46DE8}") = "Common", "Common", "{D8DC2EF3-36A3-475B-A88F-861AB1E112F6}"
EndProject
Project("{2150E333-8FDC-42A3-9474-1A3956D46DE8}") = "Desktop", "Desktop", "{B812C629-7DBF-4094-AA34-059C9094A226}"
EndProject
Project("{9A19103F-16F7-4668-BE54-9A1E7A4F7556}") = "SIQuester.ViewModel", "src\SIQuester\SIQuester.ViewModel\SIQuester.ViewModel.csproj", "{8B3640F3-9547-4B76-874D-7FA2E75AD679}"
EndProject
Project("{9A19103F-16F7-4668-BE54-9A1E7A4F7556}") = "SIQuester", "src\SIQuester\SIQuester\SIQuester.csproj", "{D689345A-26EB-432D-8442-67E1DE287FE9}"
EndProject
Project("{9A19103F-16F7-4668-BE54-9A1E7A4F7556}") = "QTxtConverter", "src\SIQuester\QTxtConverter\QTxtConverter.csproj", "{00D18FE2-2E27-40E2-9EFC-4482069A2F2D}"
EndProject
Project("{9A19103F-16F7-4668-BE54-9A1E7A4F7556}") = "Notions", "src\Common\Notions\Notions.csproj", "{63F7DDE1-3041-4A56-BDE5-D82F9AF68C85}"
EndProject
Project("{9A19103F-16F7-4668-BE54-9A1E7A4F7556}") = "SIPackages", "src\Common\SIPackages\SIPackages.csproj", "{7F28FDA6-4250-4154-93B0-D1CE9B838BFB}"
EndProject
Project("{2150E333-8FDC-42A3-9474-1A3956D46DE8}") = "test", "test", "{03BB87B1-7EA0-49F8-B8A5-46A64E7A6E0C}"
EndProject
Project("{9A19103F-16F7-4668-BE54-9A1E7A4F7556}") = "Notions.Tests", "test\Common\Notions.Tests\Notions.Tests.csproj", "{BD1AE59E-2B61-42B6-B695-D1C89AA74A1B}"
EndProject
Project("{2150E333-8FDC-42A3-9474-1A3956D46DE8}") = "deploy", "deploy", "{9BD30589-9C99-4E58-8447-2DDB33A7F0FC}"
EndProject
Project("{930C7802-8A8C-48F9-8165-68863BCCD9DD}") = "SIQuester.Setup", "deploy\SIQuester.Setup\SIQuester.Setup.wixproj", "{191BE083-3920-4C18-8130-4D6B2BF0AB59}"
EndProject
Project("{930C7802-8A8C-48F9-8165-68863BCCD9DD}") = "SIQuester.Bootstrapper", "deploy\SIQuester.Bootstrapper\SIQuester.Bootstrapper.wixproj", "{80E6576A-4906-4D07-B473-A994EDDD13AC}"
EndProject
Project("{2150E333-8FDC-42A3-9474-1A3956D46DE8}") = "src", "src", "{29A5EB8A-6B88-4AE9-A83B-0C9793134565}"
EndProject
Project("{9A19103F-16F7-4668-BE54-9A1E7A4F7556}") = "Utils", "src\Common\Utils\Utils.csproj", "{DB37734A-E865-4E1E-8CB9-3A9EB3D6BDF4}"
EndProject
Project("{9A19103F-16F7-4668-BE54-9A1E7A4F7556}") = "AppService.Client", "src\Common\AppService.Client\AppService.Client.csproj", "{85ABCE10-858E-44F8-A1C1-5CAA9E84F484}"
EndProject
Project("{9A19103F-16F7-4668-BE54-9A1E7A4F7556}") = "SIPackages.Tests", "test\Common\SIPackages.Tests\SIPackages.Tests.csproj", "{3B650F1B-FA32-4C3C-A79E-6C386DF9977E}"
EndProject
Project("{9A19103F-16F7-4668-BE54-9A1E7A4F7556}") = "SIStorageService.Client", "src\Common\SIStorageService.Client\SIStorageService.Client.csproj", "{A7A22A0A-6409-490B-86DA-3F3DE2C307B7}"
EndProject
Project("{9A19103F-16F7-4668-BE54-9A1E7A4F7556}") = "SIStorageService.ViewModel", "src\Common\SIStorageService.ViewModel\SIStorageService.ViewModel.csproj", "{C3B297B7-6782-473B-B908-42458A636100}"
EndProject
Project("{9A19103F-16F7-4668-BE54-9A1E7A4F7556}") = "SIQuester.ViewModel.Tests", "test\SIQuester\SIQuester.ViewModel.Tests\SIQuester.ViewModel.Tests.csproj", "{64E4E20D-318F-404F-B7D4-1039FD67F84B}"
EndProject
Project("{9A19103F-16F7-4668-BE54-9A1E7A4F7556}") = "SIEngine.Core", "src\Common\SIEngine.Core\SIEngine.Core.csproj", "{D523BDCD-8370-4919-B7AA-51B167B27007}"
EndProject
Global
	GlobalSection(SolutionConfigurationPlatforms) = preSolution
		Debug|Any CPU = Debug|Any CPU
		Debug|x86 = Debug|x86
		Release|Any CPU = Release|Any CPU
		Release|x86 = Release|x86
	EndGlobalSection
	GlobalSection(ProjectConfigurationPlatforms) = postSolution
		{8B3640F3-9547-4B76-874D-7FA2E75AD679}.Debug|Any CPU.ActiveCfg = Debug|Any CPU
		{8B3640F3-9547-4B76-874D-7FA2E75AD679}.Debug|Any CPU.Build.0 = Debug|Any CPU
		{8B3640F3-9547-4B76-874D-7FA2E75AD679}.Debug|x86.ActiveCfg = Debug|Any CPU
		{8B3640F3-9547-4B76-874D-7FA2E75AD679}.Debug|x86.Build.0 = Debug|Any CPU
		{8B3640F3-9547-4B76-874D-7FA2E75AD679}.Release|Any CPU.ActiveCfg = Release|Any CPU
		{8B3640F3-9547-4B76-874D-7FA2E75AD679}.Release|Any CPU.Build.0 = Release|Any CPU
		{8B3640F3-9547-4B76-874D-7FA2E75AD679}.Release|x86.ActiveCfg = Release|Any CPU
		{8B3640F3-9547-4B76-874D-7FA2E75AD679}.Release|x86.Build.0 = Release|Any CPU
		{D689345A-26EB-432D-8442-67E1DE287FE9}.Debug|Any CPU.ActiveCfg = Debug|Any CPU
		{D689345A-26EB-432D-8442-67E1DE287FE9}.Debug|Any CPU.Build.0 = Debug|Any CPU
		{D689345A-26EB-432D-8442-67E1DE287FE9}.Debug|x86.ActiveCfg = Debug|Any CPU
		{D689345A-26EB-432D-8442-67E1DE287FE9}.Debug|x86.Build.0 = Debug|Any CPU
		{D689345A-26EB-432D-8442-67E1DE287FE9}.Release|Any CPU.ActiveCfg = Release|Any CPU
		{D689345A-26EB-432D-8442-67E1DE287FE9}.Release|Any CPU.Build.0 = Release|Any CPU
		{D689345A-26EB-432D-8442-67E1DE287FE9}.Release|x86.ActiveCfg = Release|Any CPU
		{D689345A-26EB-432D-8442-67E1DE287FE9}.Release|x86.Build.0 = Release|Any CPU
		{00D18FE2-2E27-40E2-9EFC-4482069A2F2D}.Debug|Any CPU.ActiveCfg = Debug|Any CPU
		{00D18FE2-2E27-40E2-9EFC-4482069A2F2D}.Debug|Any CPU.Build.0 = Debug|Any CPU
		{00D18FE2-2E27-40E2-9EFC-4482069A2F2D}.Debug|x86.ActiveCfg = Debug|Any CPU
		{00D18FE2-2E27-40E2-9EFC-4482069A2F2D}.Debug|x86.Build.0 = Debug|Any CPU
		{00D18FE2-2E27-40E2-9EFC-4482069A2F2D}.Release|Any CPU.ActiveCfg = Release|Any CPU
		{00D18FE2-2E27-40E2-9EFC-4482069A2F2D}.Release|Any CPU.Build.0 = Release|Any CPU
		{00D18FE2-2E27-40E2-9EFC-4482069A2F2D}.Release|x86.ActiveCfg = Release|Any CPU
		{00D18FE2-2E27-40E2-9EFC-4482069A2F2D}.Release|x86.Build.0 = Release|Any CPU
		{63F7DDE1-3041-4A56-BDE5-D82F9AF68C85}.Debug|Any CPU.ActiveCfg = Debug|Any CPU
		{63F7DDE1-3041-4A56-BDE5-D82F9AF68C85}.Debug|Any CPU.Build.0 = Debug|Any CPU
		{63F7DDE1-3041-4A56-BDE5-D82F9AF68C85}.Debug|x86.ActiveCfg = Debug|Any CPU
		{63F7DDE1-3041-4A56-BDE5-D82F9AF68C85}.Debug|x86.Build.0 = Debug|Any CPU
		{63F7DDE1-3041-4A56-BDE5-D82F9AF68C85}.Release|Any CPU.ActiveCfg = Release|Any CPU
		{63F7DDE1-3041-4A56-BDE5-D82F9AF68C85}.Release|Any CPU.Build.0 = Release|Any CPU
		{63F7DDE1-3041-4A56-BDE5-D82F9AF68C85}.Release|x86.ActiveCfg = Release|Any CPU
		{63F7DDE1-3041-4A56-BDE5-D82F9AF68C85}.Release|x86.Build.0 = Release|Any CPU
		{7F28FDA6-4250-4154-93B0-D1CE9B838BFB}.Debug|Any CPU.ActiveCfg = Debug|Any CPU
		{7F28FDA6-4250-4154-93B0-D1CE9B838BFB}.Debug|Any CPU.Build.0 = Debug|Any CPU
		{7F28FDA6-4250-4154-93B0-D1CE9B838BFB}.Debug|x86.ActiveCfg = Debug|Any CPU
		{7F28FDA6-4250-4154-93B0-D1CE9B838BFB}.Debug|x86.Build.0 = Debug|Any CPU
		{7F28FDA6-4250-4154-93B0-D1CE9B838BFB}.Release|Any CPU.ActiveCfg = Release|Any CPU
		{7F28FDA6-4250-4154-93B0-D1CE9B838BFB}.Release|Any CPU.Build.0 = Release|Any CPU
		{7F28FDA6-4250-4154-93B0-D1CE9B838BFB}.Release|x86.ActiveCfg = Release|Any CPU
		{7F28FDA6-4250-4154-93B0-D1CE9B838BFB}.Release|x86.Build.0 = Release|Any CPU
		{BD1AE59E-2B61-42B6-B695-D1C89AA74A1B}.Debug|Any CPU.ActiveCfg = Debug|Any CPU
		{BD1AE59E-2B61-42B6-B695-D1C89AA74A1B}.Debug|Any CPU.Build.0 = Debug|Any CPU
		{BD1AE59E-2B61-42B6-B695-D1C89AA74A1B}.Debug|x86.ActiveCfg = Debug|Any CPU
		{BD1AE59E-2B61-42B6-B695-D1C89AA74A1B}.Debug|x86.Build.0 = Debug|Any CPU
		{BD1AE59E-2B61-42B6-B695-D1C89AA74A1B}.Release|Any CPU.ActiveCfg = Release|Any CPU
		{BD1AE59E-2B61-42B6-B695-D1C89AA74A1B}.Release|Any CPU.Build.0 = Release|Any CPU
		{BD1AE59E-2B61-42B6-B695-D1C89AA74A1B}.Release|x86.ActiveCfg = Release|Any CPU
		{BD1AE59E-2B61-42B6-B695-D1C89AA74A1B}.Release|x86.Build.0 = Release|Any CPU
		{191BE083-3920-4C18-8130-4D6B2BF0AB59}.Debug|Any CPU.ActiveCfg = Debug|x86
		{191BE083-3920-4C18-8130-4D6B2BF0AB59}.Debug|x86.ActiveCfg = Debug|x86
		{191BE083-3920-4C18-8130-4D6B2BF0AB59}.Debug|x86.Build.0 = Debug|x86
		{191BE083-3920-4C18-8130-4D6B2BF0AB59}.Release|Any CPU.ActiveCfg = Release|x86
		{191BE083-3920-4C18-8130-4D6B2BF0AB59}.Release|x86.ActiveCfg = Release|x86
		{191BE083-3920-4C18-8130-4D6B2BF0AB59}.Release|x86.Build.0 = Release|x86
		{80E6576A-4906-4D07-B473-A994EDDD13AC}.Debug|Any CPU.ActiveCfg = Debug|x86
		{80E6576A-4906-4D07-B473-A994EDDD13AC}.Debug|x86.ActiveCfg = Debug|x86
		{80E6576A-4906-4D07-B473-A994EDDD13AC}.Debug|x86.Build.0 = Debug|x86
		{80E6576A-4906-4D07-B473-A994EDDD13AC}.Release|Any CPU.ActiveCfg = Release|x86
		{80E6576A-4906-4D07-B473-A994EDDD13AC}.Release|x86.ActiveCfg = Release|x86
		{80E6576A-4906-4D07-B473-A994EDDD13AC}.Release|x86.Build.0 = Release|x86
		{DB37734A-E865-4E1E-8CB9-3A9EB3D6BDF4}.Debug|Any CPU.ActiveCfg = Debug|Any CPU
		{DB37734A-E865-4E1E-8CB9-3A9EB3D6BDF4}.Debug|Any CPU.Build.0 = Debug|Any CPU
		{DB37734A-E865-4E1E-8CB9-3A9EB3D6BDF4}.Debug|x86.ActiveCfg = Debug|Any CPU
		{DB37734A-E865-4E1E-8CB9-3A9EB3D6BDF4}.Debug|x86.Build.0 = Debug|Any CPU
		{DB37734A-E865-4E1E-8CB9-3A9EB3D6BDF4}.Release|Any CPU.ActiveCfg = Release|Any CPU
		{DB37734A-E865-4E1E-8CB9-3A9EB3D6BDF4}.Release|Any CPU.Build.0 = Release|Any CPU
		{DB37734A-E865-4E1E-8CB9-3A9EB3D6BDF4}.Release|x86.ActiveCfg = Release|Any CPU
		{DB37734A-E865-4E1E-8CB9-3A9EB3D6BDF4}.Release|x86.Build.0 = Release|Any CPU
		{85ABCE10-858E-44F8-A1C1-5CAA9E84F484}.Debug|Any CPU.ActiveCfg = Debug|Any CPU
		{85ABCE10-858E-44F8-A1C1-5CAA9E84F484}.Debug|Any CPU.Build.0 = Debug|Any CPU
		{85ABCE10-858E-44F8-A1C1-5CAA9E84F484}.Debug|x86.ActiveCfg = Debug|Any CPU
		{85ABCE10-858E-44F8-A1C1-5CAA9E84F484}.Debug|x86.Build.0 = Debug|Any CPU
		{85ABCE10-858E-44F8-A1C1-5CAA9E84F484}.Release|Any CPU.ActiveCfg = Release|Any CPU
		{85ABCE10-858E-44F8-A1C1-5CAA9E84F484}.Release|Any CPU.Build.0 = Release|Any CPU
		{85ABCE10-858E-44F8-A1C1-5CAA9E84F484}.Release|x86.ActiveCfg = Release|Any CPU
		{85ABCE10-858E-44F8-A1C1-5CAA9E84F484}.Release|x86.Build.0 = Release|Any CPU
		{3B650F1B-FA32-4C3C-A79E-6C386DF9977E}.Debug|Any CPU.ActiveCfg = Debug|Any CPU
		{3B650F1B-FA32-4C3C-A79E-6C386DF9977E}.Debug|Any CPU.Build.0 = Debug|Any CPU
		{3B650F1B-FA32-4C3C-A79E-6C386DF9977E}.Debug|x86.ActiveCfg = Debug|Any CPU
		{3B650F1B-FA32-4C3C-A79E-6C386DF9977E}.Debug|x86.Build.0 = Debug|Any CPU
		{3B650F1B-FA32-4C3C-A79E-6C386DF9977E}.Release|Any CPU.ActiveCfg = Release|Any CPU
		{3B650F1B-FA32-4C3C-A79E-6C386DF9977E}.Release|Any CPU.Build.0 = Release|Any CPU
		{3B650F1B-FA32-4C3C-A79E-6C386DF9977E}.Release|x86.ActiveCfg = Release|Any CPU
		{3B650F1B-FA32-4C3C-A79E-6C386DF9977E}.Release|x86.Build.0 = Release|Any CPU
		{A7A22A0A-6409-490B-86DA-3F3DE2C307B7}.Debug|Any CPU.ActiveCfg = Debug|Any CPU
		{A7A22A0A-6409-490B-86DA-3F3DE2C307B7}.Debug|Any CPU.Build.0 = Debug|Any CPU
		{A7A22A0A-6409-490B-86DA-3F3DE2C307B7}.Debug|x86.ActiveCfg = Debug|Any CPU
		{A7A22A0A-6409-490B-86DA-3F3DE2C307B7}.Debug|x86.Build.0 = Debug|Any CPU
		{A7A22A0A-6409-490B-86DA-3F3DE2C307B7}.Release|Any CPU.ActiveCfg = Release|Any CPU
		{A7A22A0A-6409-490B-86DA-3F3DE2C307B7}.Release|Any CPU.Build.0 = Release|Any CPU
		{A7A22A0A-6409-490B-86DA-3F3DE2C307B7}.Release|x86.ActiveCfg = Release|Any CPU
		{A7A22A0A-6409-490B-86DA-3F3DE2C307B7}.Release|x86.Build.0 = Release|Any CPU
		{C3B297B7-6782-473B-B908-42458A636100}.Debug|Any CPU.ActiveCfg = Debug|Any CPU
		{C3B297B7-6782-473B-B908-42458A636100}.Debug|Any CPU.Build.0 = Debug|Any CPU
		{C3B297B7-6782-473B-B908-42458A636100}.Debug|x86.ActiveCfg = Debug|Any CPU
		{C3B297B7-6782-473B-B908-42458A636100}.Debug|x86.Build.0 = Debug|Any CPU
		{C3B297B7-6782-473B-B908-42458A636100}.Release|Any CPU.ActiveCfg = Release|Any CPU
		{C3B297B7-6782-473B-B908-42458A636100}.Release|Any CPU.Build.0 = Release|Any CPU
		{C3B297B7-6782-473B-B908-42458A636100}.Release|x86.ActiveCfg = Release|Any CPU
		{C3B297B7-6782-473B-B908-42458A636100}.Release|x86.Build.0 = Release|Any CPU
		{64E4E20D-318F-404F-B7D4-1039FD67F84B}.Debug|Any CPU.ActiveCfg = Debug|Any CPU
		{64E4E20D-318F-404F-B7D4-1039FD67F84B}.Debug|Any CPU.Build.0 = Debug|Any CPU
		{64E4E20D-318F-404F-B7D4-1039FD67F84B}.Debug|x86.ActiveCfg = Debug|Any CPU
		{64E4E20D-318F-404F-B7D4-1039FD67F84B}.Debug|x86.Build.0 = Debug|Any CPU
		{64E4E20D-318F-404F-B7D4-1039FD67F84B}.Release|Any CPU.ActiveCfg = Release|Any CPU
		{64E4E20D-318F-404F-B7D4-1039FD67F84B}.Release|Any CPU.Build.0 = Release|Any CPU
		{64E4E20D-318F-404F-B7D4-1039FD67F84B}.Release|x86.ActiveCfg = Release|Any CPU
		{64E4E20D-318F-404F-B7D4-1039FD67F84B}.Release|x86.Build.0 = Release|Any CPU
		{D523BDCD-8370-4919-B7AA-51B167B27007}.Debug|Any CPU.ActiveCfg = Debug|Any CPU
		{D523BDCD-8370-4919-B7AA-51B167B27007}.Debug|Any CPU.Build.0 = Debug|Any CPU
		{D523BDCD-8370-4919-B7AA-51B167B27007}.Debug|x86.ActiveCfg = Debug|Any CPU
		{D523BDCD-8370-4919-B7AA-51B167B27007}.Debug|x86.Build.0 = Debug|Any CPU
		{D523BDCD-8370-4919-B7AA-51B167B27007}.Release|Any CPU.ActiveCfg = Release|Any CPU
		{D523BDCD-8370-4919-B7AA-51B167B27007}.Release|Any CPU.Build.0 = Release|Any CPU
		{D523BDCD-8370-4919-B7AA-51B167B27007}.Release|x86.ActiveCfg = Release|Any CPU
		{D523BDCD-8370-4919-B7AA-51B167B27007}.Release|x86.Build.0 = Release|Any CPU
	EndGlobalSection
	GlobalSection(SolutionProperties) = preSolution
		HideSolutionNode = FALSE
	EndGlobalSection
	GlobalSection(NestedProjects) = preSolution
		{D8DC2EF3-36A3-475B-A88F-861AB1E112F6} = {29A5EB8A-6B88-4AE9-A83B-0C9793134565}
		{B812C629-7DBF-4094-AA34-059C9094A226} = {29A5EB8A-6B88-4AE9-A83B-0C9793134565}
		{8B3640F3-9547-4B76-874D-7FA2E75AD679} = {29A5EB8A-6B88-4AE9-A83B-0C9793134565}
		{D689345A-26EB-432D-8442-67E1DE287FE9} = {B812C629-7DBF-4094-AA34-059C9094A226}
		{00D18FE2-2E27-40E2-9EFC-4482069A2F2D} = {29A5EB8A-6B88-4AE9-A83B-0C9793134565}
		{63F7DDE1-3041-4A56-BDE5-D82F9AF68C85} = {D8DC2EF3-36A3-475B-A88F-861AB1E112F6}
		{7F28FDA6-4250-4154-93B0-D1CE9B838BFB} = {D8DC2EF3-36A3-475B-A88F-861AB1E112F6}
		{BD1AE59E-2B61-42B6-B695-D1C89AA74A1B} = {03BB87B1-7EA0-49F8-B8A5-46A64E7A6E0C}
		{191BE083-3920-4C18-8130-4D6B2BF0AB59} = {9BD30589-9C99-4E58-8447-2DDB33A7F0FC}
		{80E6576A-4906-4D07-B473-A994EDDD13AC} = {9BD30589-9C99-4E58-8447-2DDB33A7F0FC}
		{DB37734A-E865-4E1E-8CB9-3A9EB3D6BDF4} = {D8DC2EF3-36A3-475B-A88F-861AB1E112F6}
		{85ABCE10-858E-44F8-A1C1-5CAA9E84F484} = {D8DC2EF3-36A3-475B-A88F-861AB1E112F6}
		{3B650F1B-FA32-4C3C-A79E-6C386DF9977E} = {03BB87B1-7EA0-49F8-B8A5-46A64E7A6E0C}
		{A7A22A0A-6409-490B-86DA-3F3DE2C307B7} = {D8DC2EF3-36A3-475B-A88F-861AB1E112F6}
		{C3B297B7-6782-473B-B908-42458A636100} = {D8DC2EF3-36A3-475B-A88F-861AB1E112F6}
		{64E4E20D-318F-404F-B7D4-1039FD67F84B} = {03BB87B1-7EA0-49F8-B8A5-46A64E7A6E0C}
		{D523BDCD-8370-4919-B7AA-51B167B27007} = {D8DC2EF3-36A3-475B-A88F-861AB1E112F6}
	EndGlobalSection
	GlobalSection(ExtensibilityGlobals) = postSolution
		SolutionGuid = {080C13E0-0C5D-41FE-9CBB-EE7ED6CB69F3}
	EndGlobalSection
EndGlobal
