
Microsoft Visual Studio Solution File, Format Version 12.00
# Visual Studio Version 17
VisualStudioVersion = 17.1.32328.378
MinimumVisualStudioVersion = 10.0.40219.1
Project("{2150E333-8FDC-42A3-9474-1A3956D46DE8}") = "Common", "Common", "{D8DC2EF3-36A3-475B-A88F-861AB1E112F6}"
EndProject
Project("{2150E333-8FDC-42A3-9474-1A3956D46DE8}") = "Desktop", "Desktop", "{B812C629-7DBF-4094-AA34-059C9094A226}"
EndProject
Project("{D954291E-2A0B-460D-934E-DC6B0785DB48}") = "SIService.Client", "src\Common\SIService.Client\SIService.Client.shproj", "{A4CEB981-DED1-4ADB-9058-3869F6A44C8D}"
EndProject
Project("{D954291E-2A0B-460D-934E-DC6B0785DB48}") = "SIService.ViewModel", "src\Common\SIService.ViewModel\SIService.ViewModel.shproj", "{D8A9ACD8-2C11-4CFB-B4E2-0BFA4F6F9500}"
EndProject
Project("{FAE04EC0-301F-11D3-BF4B-00C04F79EFBC}") = "SIQuester.ViewModel", "src\SIQuester\SIQuester.ViewModel\SIQuester.ViewModel.csproj", "{8B3640F3-9547-4B76-874D-7FA2E75AD679}"
EndProject
Project("{9A19103F-16F7-4668-BE54-9A1E7A4F7556}") = "SIQuester", "src\SIQuester\SIQuester\SIQuester.csproj", "{D689345A-26EB-432D-8442-67E1DE287FE9}"
EndProject
Project("{9A19103F-16F7-4668-BE54-9A1E7A4F7556}") = "QTxtConverter", "src\SIQuester\QTxtConverter\QTxtConverter.csproj", "{00D18FE2-2E27-40E2-9EFC-4482069A2F2D}"
EndProject
Project("{9A19103F-16F7-4668-BE54-9A1E7A4F7556}") = "Notions", "src\Common\Notions\Notions.csproj", "{63F7DDE1-3041-4A56-BDE5-D82F9AF68C85}"
EndProject
Project("{9A19103F-16F7-4668-BE54-9A1E7A4F7556}") = "SIPackages", "src\Common\SIPackages\SIPackages.csproj", "{7F28FDA6-4250-4154-93B0-D1CE9B838BFB}"
EndProject
Project("{2150E333-8FDC-42A3-9474-1A3956D46DE8}") = "test", "test", "{03BB87B1-7EA0-49F8-B8A5-46A64E7A6E0C}"
EndProject
Project("{9A19103F-16F7-4668-BE54-9A1E7A4F7556}") = "Notions.Tests", "test\Common\Notions.Tests\Notions.Tests.csproj", "{BD1AE59E-2B61-42B6-B695-D1C89AA74A1B}"
EndProject
Project("{2150E333-8FDC-42A3-9474-1A3956D46DE8}") = "deploy", "deploy", "{9BD30589-9C99-4E58-8447-2DDB33A7F0FC}"
EndProject
Project("{930C7802-8A8C-48F9-8165-68863BCCD9DD}") = "SIQuester.Setup", "deploy\SIQuester.Setup\SIQuester.Setup.wixproj", "{191BE083-3920-4C18-8130-4D6B2BF0AB59}"
EndProject
Project("{930C7802-8A8C-48F9-8165-68863BCCD9DD}") = "SIQuester.Bootstrapper", "deploy\SIQuester.Bootstrapper\SIQuester.Bootstrapper.wixproj", "{80E6576A-4906-4D07-B473-A994EDDD13AC}"
EndProject
Project("{2150E333-8FDC-42A3-9474-1A3956D46DE8}") = "src", "src", "{29A5EB8A-6B88-4AE9-A83B-0C9793134565}"
EndProject
Project("{9A19103F-16F7-4668-BE54-9A1E7A4F7556}") = "Utils", "src\Common\Utils\Utils.csproj", "{DB37734A-E865-4E1E-8CB9-3A9EB3D6BDF4}"
EndProject
Global
	GlobalSection(SharedMSBuildProjectFiles) = preSolution
		src\Common\SIService.Client\SIService.Client.projitems*{8b3640f3-9547-4b76-874d-7fa2e75ad679}*SharedItemsImports = 5
		src\Common\SIService.ViewModel\SIService.ViewModel.projitems*{8b3640f3-9547-4b76-874d-7fa2e75ad679}*SharedItemsImports = 5
		src\Common\SIService.Client\SIService.Client.projitems*{a4ceb981-ded1-4adb-9058-3869f6a44c8d}*SharedItemsImports = 13
		src\Common\SIService.ViewModel\SIService.ViewModel.projitems*{d8a9acd8-2c11-4cfb-b4e2-0bfa4f6f9500}*SharedItemsImports = 13
	EndGlobalSection
	GlobalSection(SolutionConfigurationPlatforms) = preSolution
		Debug|Any CPU = Debug|Any CPU
		Debug|x86 = Debug|x86
		Release|Any CPU = Release|Any CPU
		Release|x86 = Release|x86
	EndGlobalSection
	GlobalSection(ProjectConfigurationPlatforms) = postSolution
		{8B3640F3-9547-4B76-874D-7FA2E75AD679}.Debug|Any CPU.ActiveCfg = Debug|Any CPU
		{8B3640F3-9547-4B76-874D-7FA2E75AD679}.Debug|Any CPU.Build.0 = Debug|Any CPU
		{8B3640F3-9547-4B76-874D-7FA2E75AD679}.Debug|x86.ActiveCfg = Debug|Any CPU
		{8B3640F3-9547-4B76-874D-7FA2E75AD679}.Debug|x86.Build.0 = Debug|Any CPU
		{8B3640F3-9547-4B76-874D-7FA2E75AD679}.Release|Any CPU.ActiveCfg = Release|Any CPU
		{8B3640F3-9547-4B76-874D-7FA2E75AD679}.Release|Any CPU.Build.0 = Release|Any CPU
		{8B3640F3-9547-4B76-874D-7FA2E75AD679}.Release|x86.ActiveCfg = Release|Any CPU
		{8B3640F3-9547-4B76-874D-7FA2E75AD679}.Release|x86.Build.0 = Release|Any CPU
		{D689345A-26EB-432D-8442-67E1DE287FE9}.Debug|Any CPU.ActiveCfg = Debug|Any CPU
		{D689345A-26EB-432D-8442-67E1DE287FE9}.Debug|Any CPU.Build.0 = Debug|Any CPU
		{D689345A-26EB-432D-8442-67E1DE287FE9}.Debug|x86.ActiveCfg = Debug|Any CPU
		{D689345A-26EB-432D-8442-67E1DE287FE9}.Debug|x86.Build.0 = Debug|Any CPU
		{D689345A-26EB-432D-8442-67E1DE287FE9}.Release|Any CPU.ActiveCfg = Release|Any CPU
		{D689345A-26EB-432D-8442-67E1DE287FE9}.Release|Any CPU.Build.0 = Release|Any CPU
		{D689345A-26EB-432D-8442-67E1DE287FE9}.Release|x86.ActiveCfg = Release|Any CPU
		{D689345A-26EB-432D-8442-67E1DE287FE9}.Release|x86.Build.0 = Release|Any CPU
		{00D18FE2-2E27-40E2-9EFC-4482069A2F2D}.Debug|Any CPU.ActiveCfg = Debug|Any CPU
		{00D18FE2-2E27-40E2-9EFC-4482069A2F2D}.Debug|Any CPU.Build.0 = Debug|Any CPU
		{00D18FE2-2E27-40E2-9EFC-4482069A2F2D}.Debug|x86.ActiveCfg = Debug|Any CPU
		{00D18FE2-2E27-40E2-9EFC-4482069A2F2D}.Debug|x86.Build.0 = Debug|Any CPU
		{00D18FE2-2E27-40E2-9EFC-4482069A2F2D}.Release|Any CPU.ActiveCfg = Release|Any CPU
		{00D18FE2-2E27-40E2-9EFC-4482069A2F2D}.Release|Any CPU.Build.0 = Release|Any CPU
		{00D18FE2-2E27-40E2-9EFC-4482069A2F2D}.Release|x86.ActiveCfg = Release|Any CPU
		{00D18FE2-2E27-40E2-9EFC-4482069A2F2D}.Release|x86.Build.0 = Release|Any CPU
		{63F7DDE1-3041-4A56-BDE5-D82F9AF68C85}.Debug|Any CPU.ActiveCfg = Debug|Any CPU
		{63F7DDE1-3041-4A56-BDE5-D82F9AF68C85}.Debug|Any CPU.Build.0 = Debug|Any CPU
		{63F7DDE1-3041-4A56-BDE5-D82F9AF68C85}.Debug|x86.ActiveCfg = Debug|Any CPU
		{63F7DDE1-3041-4A56-BDE5-D82F9AF68C85}.Debug|x86.Build.0 = Debug|Any CPU
		{63F7DDE1-3041-4A56-BDE5-D82F9AF68C85}.Release|Any CPU.ActiveCfg = Release|Any CPU
		{63F7DDE1-3041-4A56-BDE5-D82F9AF68C85}.Release|Any CPU.Build.0 = Release|Any CPU
		{63F7DDE1-3041-4A56-BDE5-D82F9AF68C85}.Release|x86.ActiveCfg = Release|Any CPU
		{63F7DDE1-3041-4A56-BDE5-D82F9AF68C85}.Release|x86.Build.0 = Release|Any CPU
		{7F28FDA6-4250-4154-93B0-D1CE9B838BFB}.Debug|Any CPU.ActiveCfg = Debug|Any CPU
		{7F28FDA6-4250-4154-93B0-D1CE9B838BFB}.Debug|Any CPU.Build.0 = Debug|Any CPU
		{7F28FDA6-4250-4154-93B0-D1CE9B838BFB}.Debug|x86.ActiveCfg = Debug|Any CPU
		{7F28FDA6-4250-4154-93B0-D1CE9B838BFB}.Debug|x86.Build.0 = Debug|Any CPU
		{7F28FDA6-4250-4154-93B0-D1CE9B838BFB}.Release|Any CPU.ActiveCfg = Release|Any CPU
		{7F28FDA6-4250-4154-93B0-D1CE9B838BFB}.Release|Any CPU.Build.0 = Release|Any CPU
		{7F28FDA6-4250-4154-93B0-D1CE9B838BFB}.Release|x86.ActiveCfg = Release|Any CPU
		{7F28FDA6-4250-4154-93B0-D1CE9B838BFB}.Release|x86.Build.0 = Release|Any CPU
		{BD1AE59E-2B61-42B6-B695-D1C89AA74A1B}.Debug|Any CPU.ActiveCfg = Debug|Any CPU
		{BD1AE59E-2B61-42B6-B695-D1C89AA74A1B}.Debug|Any CPU.Build.0 = Debug|Any CPU
		{BD1AE59E-2B61-42B6-B695-D1C89AA74A1B}.Debug|x86.ActiveCfg = Debug|Any CPU
		{BD1AE59E-2B61-42B6-B695-D1C89AA74A1B}.Debug|x86.Build.0 = Debug|Any CPU
		{BD1AE59E-2B61-42B6-B695-D1C89AA74A1B}.Release|Any CPU.ActiveCfg = Release|Any CPU
		{BD1AE59E-2B61-42B6-B695-D1C89AA74A1B}.Release|Any CPU.Build.0 = Release|Any CPU
		{BD1AE59E-2B61-42B6-B695-D1C89AA74A1B}.Release|x86.ActiveCfg = Release|Any CPU
		{BD1AE59E-2B61-42B6-B695-D1C89AA74A1B}.Release|x86.Build.0 = Release|Any CPU
		{191BE083-3920-4C18-8130-4D6B2BF0AB59}.Debug|Any CPU.ActiveCfg = Debug|x86
		{191BE083-3920-4C18-8130-4D6B2BF0AB59}.Debug|x86.ActiveCfg = Debug|x86
		{191BE083-3920-4C18-8130-4D6B2BF0AB59}.Debug|x86.Build.0 = Debug|x86
		{191BE083-3920-4C18-8130-4D6B2BF0AB59}.Release|Any CPU.ActiveCfg = Release|x86
		{191BE083-3920-4C18-8130-4D6B2BF0AB59}.Release|x86.ActiveCfg = Release|x86
		{191BE083-3920-4C18-8130-4D6B2BF0AB59}.Release|x86.Build.0 = Release|x86
		{80E6576A-4906-4D07-B473-A994EDDD13AC}.Debug|Any CPU.ActiveCfg = Debug|x86
		{80E6576A-4906-4D07-B473-A994EDDD13AC}.Debug|x86.ActiveCfg = Debug|x86
		{80E6576A-4906-4D07-B473-A994EDDD13AC}.Debug|x86.Build.0 = Debug|x86
		{80E6576A-4906-4D07-B473-A994EDDD13AC}.Release|Any CPU.ActiveCfg = Release|x86
		{80E6576A-4906-4D07-B473-A994EDDD13AC}.Release|x86.ActiveCfg = Release|x86
		{80E6576A-4906-4D07-B473-A994EDDD13AC}.Release|x86.Build.0 = Release|x86
		{DB37734A-E865-4E1E-8CB9-3A9EB3D6BDF4}.Debug|Any CPU.ActiveCfg = Debug|Any CPU
		{DB37734A-E865-4E1E-8CB9-3A9EB3D6BDF4}.Debug|Any CPU.Build.0 = Debug|Any CPU
		{DB37734A-E865-4E1E-8CB9-3A9EB3D6BDF4}.Debug|x86.ActiveCfg = Debug|Any CPU
		{DB37734A-E865-4E1E-8CB9-3A9EB3D6BDF4}.Debug|x86.Build.0 = Debug|Any CPU
		{DB37734A-E865-4E1E-8CB9-3A9EB3D6BDF4}.Release|Any CPU.ActiveCfg = Release|Any CPU
		{DB37734A-E865-4E1E-8CB9-3A9EB3D6BDF4}.Release|Any CPU.Build.0 = Release|Any CPU
		{DB37734A-E865-4E1E-8CB9-3A9EB3D6BDF4}.Release|x86.ActiveCfg = Release|Any CPU
		{DB37734A-E865-4E1E-8CB9-3A9EB3D6BDF4}.Release|x86.Build.0 = Release|Any CPU
	EndGlobalSection
	GlobalSection(SolutionProperties) = preSolution
		HideSolutionNode = FALSE
	EndGlobalSection
	GlobalSection(NestedProjects) = preSolution
		{D8DC2EF3-36A3-475B-A88F-861AB1E112F6} = {29A5EB8A-6B88-4AE9-A83B-0C9793134565}
		{B812C629-7DBF-4094-AA34-059C9094A226} = {29A5EB8A-6B88-4AE9-A83B-0C9793134565}
		{A4CEB981-DED1-4ADB-9058-3869F6A44C8D} = {D8DC2EF3-36A3-475B-A88F-861AB1E112F6}
		{D8A9ACD8-2C11-4CFB-B4E2-0BFA4F6F9500} = {D8DC2EF3-36A3-475B-A88F-861AB1E112F6}
		{8B3640F3-9547-4B76-874D-7FA2E75AD679} = {29A5EB8A-6B88-4AE9-A83B-0C9793134565}
		{D689345A-26EB-432D-8442-67E1DE287FE9} = {B812C629-7DBF-4094-AA34-059C9094A226}
		{00D18FE2-2E27-40E2-9EFC-4482069A2F2D} = {29A5EB8A-6B88-4AE9-A83B-0C9793134565}
		{63F7DDE1-3041-4A56-BDE5-D82F9AF68C85} = {D8DC2EF3-36A3-475B-A88F-861AB1E112F6}
		{7F28FDA6-4250-4154-93B0-D1CE9B838BFB} = {D8DC2EF3-36A3-475B-A88F-861AB1E112F6}
		{BD1AE59E-2B61-42B6-B695-D1C89AA74A1B} = {03BB87B1-7EA0-49F8-B8A5-46A64E7A6E0C}
		{191BE083-3920-4C18-8130-4D6B2BF0AB59} = {9BD30589-9C99-4E58-8447-2DDB33A7F0FC}
		{80E6576A-4906-4D07-B473-A994EDDD13AC} = {9BD30589-9C99-4E58-8447-2DDB33A7F0FC}
		{DB37734A-E865-4E1E-8CB9-3A9EB3D6BDF4} = {D8DC2EF3-36A3-475B-A88F-861AB1E112F6}
	EndGlobalSection
	GlobalSection(ExtensibilityGlobals) = postSolution
		SolutionGuid = {080C13E0-0C5D-41FE-9CBB-EE7ED6CB69F3}
	EndGlobalSection
EndGlobal
